// !$*UTF8*$!
{
	archiveVersion = 1;
	classes = {
	};
	objectVersion = 52;
	objects = {

/* Begin PBXAggregateTarget section */
		CA2FB0431889986D00BCAEF5 /* Documentation */ = {
			isa = PBXAggregateTarget;
			buildConfigurationList = CA2FB0441889986D00BCAEF5 /* Build configuration list for PBXAggregateTarget "Documentation" */;
			buildPhases = (
				CA2FB0471889988600BCAEF5 /* ShellScript */,
			);
			dependencies = (
			);
			name = Documentation;
			productName = Documentation;
		};
/* End PBXAggregateTarget section */

/* Begin PBXBuildFile section */
		0A4BF74D4294774D5CA1D703 /* Pods_M13ProgressSuiteDemo.framework in Frameworks */ = {isa = PBXBuildFile; fileRef = BAA4432C67FD122402B77C82 /* Pods_M13ProgressSuiteDemo.framework */; };
		84390FC0253723C4000E2704 /* SampleViewController.m in Sources */ = {isa = PBXBuildFile; fileRef = CA2FB01B1889946F00BCAEF5 /* SampleViewController.m */; };
		84390FC1253723C4000E2704 /* LetterpressViewController.m in Sources */ = {isa = PBXBuildFile; fileRef = CA6F31C6190EBF11008D1E64 /* LetterpressViewController.m */; };
		84390FC2253723C4000E2704 /* BarViewController.m in Sources */ = {isa = PBXBuildFile; fileRef = CA2FB0091889946F00BCAEF5 /* BarViewController.m */; };
		84390FC3253723C4000E2704 /* M13ProgressViewBarNavigationControllerViewController.m in Sources */ = {isa = PBXBuildFile; fileRef = CA2FB0131889946F00BCAEF5 /* M13ProgressViewBarNavigationControllerViewController.m */; };
		84390FC4253723C4000E2704 /* RadiativeViewController.m in Sources */ = {isa = PBXBuildFile; fileRef = CA412B0418D2638E00FCB7CC /* RadiativeViewController.m */; };
		84390FC5253723C4000E2704 /* ProgressHUDViewController.m in Sources */ = {isa = PBXBuildFile; fileRef = CA2FB0171889946F00BCAEF5 /* ProgressHUDViewController.m */; };
		84390FC6253723C4000E2704 /* RingViewController.m in Sources */ = {isa = PBXBuildFile; fileRef = CA2FB0191889946F00BCAEF5 /* RingViewController.m */; };
		84390FC7253723C4000E2704 /* SegmentedBarViewController.m in Sources */ = {isa = PBXBuildFile; fileRef = CA2FB01D1889946F00BCAEF5 /* SegmentedBarViewController.m */; };
		84390FC8253723C4000E2704 /* MetroViewController.m in Sources */ = {isa = PBXBuildFile; fileRef = CA66890518CBEF9300827C48 /* MetroViewController.m */; };
		84390FC9253723C4000E2704 /* PieViewController.m in Sources */ = {isa = PBXBuildFile; fileRef = CA2FB0151889946F00BCAEF5 /* PieViewController.m */; };
		84390FCA253723C4000E2704 /* ImageViewController.m in Sources */ = {isa = PBXBuildFile; fileRef = CA2FB0111889946F00BCAEF5 /* ImageViewController.m */; };
		84390FCB253723C4000E2704 /* BorderedBarViewController.m in Sources */ = {isa = PBXBuildFile; fileRef = CA2FB00B1889946F00BCAEF5 /* BorderedBarViewController.m */; };
		84390FCC253723C4000E2704 /* AppDelegate.m in Sources */ = {isa = PBXBuildFile; fileRef = CA2FAFAB1889907300BCAEF5 /* AppDelegate.m */; };
		84390FCD253723C4000E2704 /* main.m in Sources */ = {isa = PBXBuildFile; fileRef = CA2FAFA71889907300BCAEF5 /* main.m */; };
		84390FCE253723C4000E2704 /* FilteredImageViewController.m in Sources */ = {isa = PBXBuildFile; fileRef = CA2FB00F1889946F00BCAEF5 /* FilteredImageViewController.m */; };
		84390FCF253723C4000E2704 /* ConsoleViewController.m in Sources */ = {isa = PBXBuildFile; fileRef = CA2FB00D1889946F00BCAEF5 /* ConsoleViewController.m */; };
		84390FD0253723C4000E2704 /* StripedBarViewController.m in Sources */ = {isa = PBXBuildFile; fileRef = CA2FB0211889946F00BCAEF5 /* StripedBarViewController.m */; };
		84390FD1253723C4000E2704 /* SegmentedRingViewController.m in Sources */ = {isa = PBXBuildFile; fileRef = CA2FB01F1889946F00BCAEF5 /* SegmentedRingViewController.m */; };
		84390FD3253723C4000E2704 /* CoreGraphics.framework in Frameworks */ = {isa = PBXBuildFile; fileRef = CA2FAF9D1889907300BCAEF5 /* CoreGraphics.framework */; };
		84390FD5253723C4000E2704 /* QuartzCore.framework in Frameworks */ = {isa = PBXBuildFile; fileRef = CA2FB03D1889975A00BCAEF5 /* QuartzCore.framework */; };
		84390FD6253723C4000E2704 /* CoreImage.framework in Frameworks */ = {isa = PBXBuildFile; fileRef = CA2FB03B1889975400BCAEF5 /* CoreImage.framework */; };
		84390FD7253723C4000E2704 /* Accelerate.framework in Frameworks */ = {isa = PBXBuildFile; fileRef = CA2FB0391889974600BCAEF5 /* Accelerate.framework */; };
		84390FD8253723C4000E2704 /* UIKit.framework in Frameworks */ = {isa = PBXBuildFile; fileRef = CA2FAF9F1889907300BCAEF5 /* UIKit.framework */; };
		84390FD9253723C4000E2704 /* Foundation.framework in Frameworks */ = {isa = PBXBuildFile; fileRef = CA2FAF9B1889907300BCAEF5 /* Foundation.framework */; };
		84390FDB253723C4000E2704 /* Main_iPad.storyboard in Resources */ = {isa = PBXBuildFile; fileRef = CA2FAFB01889907300BCAEF5 /* Main_iPad.storyboard */; };
		84390FDC253723C4000E2704 /* Galaxy.jpg in Resources */ = {isa = PBXBuildFile; fileRef = CA2FB0341889952E00BCAEF5 /* Galaxy.jpg */; };
		84390FDD253723C4000E2704 /* Images.xcassets in Resources */ = {isa = PBXBuildFile; fileRef = CA2FAFB61889907300BCAEF5 /* Images.xcassets */; };
		84390FDE253723C4000E2704 /* Striped_apple_logo.png in Resources */ = {isa = PBXBuildFile; fileRef = CA2FB0351889952E00BCAEF5 /* Striped_apple_logo.png */; };
		84390FDF253723C4000E2704 /* Main_iPhone.storyboard in Resources */ = {isa = PBXBuildFile; fileRef = CA2FAFAD1889907300BCAEF5 /* Main_iPhone.storyboard */; };
		84390FE0253723C4000E2704 /* InfoPlist.strings in Resources */ = {isa = PBXBuildFile; fileRef = CA2FAFA41889907300BCAEF5 /* InfoPlist.strings */; };
		84390FFB25372598000E2704 /* M13ProgressSuite in Frameworks */ = {isa = PBXBuildFile; productRef = 84390FFA25372598000E2704 /* M13ProgressSuite */; };
		CA2FAF9C1889907300BCAEF5 /* Foundation.framework in Frameworks */ = {isa = PBXBuildFile; fileRef = CA2FAF9B1889907300BCAEF5 /* Foundation.framework */; };
		CA2FAF9E1889907300BCAEF5 /* CoreGraphics.framework in Frameworks */ = {isa = PBXBuildFile; fileRef = CA2FAF9D1889907300BCAEF5 /* CoreGraphics.framework */; };
		CA2FAFA01889907300BCAEF5 /* UIKit.framework in Frameworks */ = {isa = PBXBuildFile; fileRef = CA2FAF9F1889907300BCAEF5 /* UIKit.framework */; };
		CA2FAFA61889907300BCAEF5 /* InfoPlist.strings in Resources */ = {isa = PBXBuildFile; fileRef = CA2FAFA41889907300BCAEF5 /* InfoPlist.strings */; };
		CA2FAFA81889907300BCAEF5 /* main.m in Sources */ = {isa = PBXBuildFile; fileRef = CA2FAFA71889907300BCAEF5 /* main.m */; };
		CA2FAFAC1889907300BCAEF5 /* AppDelegate.m in Sources */ = {isa = PBXBuildFile; fileRef = CA2FAFAB1889907300BCAEF5 /* AppDelegate.m */; };
		CA2FAFAF1889907300BCAEF5 /* Main_iPhone.storyboard in Resources */ = {isa = PBXBuildFile; fileRef = CA2FAFAD1889907300BCAEF5 /* Main_iPhone.storyboard */; };
		CA2FAFB21889907300BCAEF5 /* Main_iPad.storyboard in Resources */ = {isa = PBXBuildFile; fileRef = CA2FAFB01889907300BCAEF5 /* Main_iPad.storyboard */; };
		CA2FAFB71889907300BCAEF5 /* Images.xcassets in Resources */ = {isa = PBXBuildFile; fileRef = CA2FAFB61889907300BCAEF5 /* Images.xcassets */; };
		CA2FAFBE1889907300BCAEF5 /* XCTest.framework in Frameworks */ = {isa = PBXBuildFile; fileRef = CA2FAFBD1889907300BCAEF5 /* XCTest.framework */; };
		CA2FAFBF1889907300BCAEF5 /* Foundation.framework in Frameworks */ = {isa = PBXBuildFile; fileRef = CA2FAF9B1889907300BCAEF5 /* Foundation.framework */; };
		CA2FAFC01889907300BCAEF5 /* UIKit.framework in Frameworks */ = {isa = PBXBuildFile; fileRef = CA2FAF9F1889907300BCAEF5 /* UIKit.framework */; };
		CA2FAFC81889907300BCAEF5 /* InfoPlist.strings in Resources */ = {isa = PBXBuildFile; fileRef = CA2FAFC61889907300BCAEF5 /* InfoPlist.strings */; };
		CA2FAFCA1889907300BCAEF5 /* M13ProgressSuiteTests.m in Sources */ = {isa = PBXBuildFile; fileRef = CA2FAFC91889907300BCAEF5 /* M13ProgressSuiteTests.m */; };
		CA2FB0221889946F00BCAEF5 /* BarViewController.m in Sources */ = {isa = PBXBuildFile; fileRef = CA2FB0091889946F00BCAEF5 /* BarViewController.m */; };
		CA2FB0231889946F00BCAEF5 /* BorderedBarViewController.m in Sources */ = {isa = PBXBuildFile; fileRef = CA2FB00B1889946F00BCAEF5 /* BorderedBarViewController.m */; };
		CA2FB0241889946F00BCAEF5 /* ConsoleViewController.m in Sources */ = {isa = PBXBuildFile; fileRef = CA2FB00D1889946F00BCAEF5 /* ConsoleViewController.m */; };
		CA2FB0251889946F00BCAEF5 /* FilteredImageViewController.m in Sources */ = {isa = PBXBuildFile; fileRef = CA2FB00F1889946F00BCAEF5 /* FilteredImageViewController.m */; };
		CA2FB0261889946F00BCAEF5 /* ImageViewController.m in Sources */ = {isa = PBXBuildFile; fileRef = CA2FB0111889946F00BCAEF5 /* ImageViewController.m */; };
		CA2FB0271889946F00BCAEF5 /* M13ProgressViewBarNavigationControllerViewController.m in Sources */ = {isa = PBXBuildFile; fileRef = CA2FB0131889946F00BCAEF5 /* M13ProgressViewBarNavigationControllerViewController.m */; };
		CA2FB0281889946F00BCAEF5 /* PieViewController.m in Sources */ = {isa = PBXBuildFile; fileRef = CA2FB0151889946F00BCAEF5 /* PieViewController.m */; };
		CA2FB0291889946F00BCAEF5 /* ProgressHUDViewController.m in Sources */ = {isa = PBXBuildFile; fileRef = CA2FB0171889946F00BCAEF5 /* ProgressHUDViewController.m */; };
		CA2FB02A1889946F00BCAEF5 /* RingViewController.m in Sources */ = {isa = PBXBuildFile; fileRef = CA2FB0191889946F00BCAEF5 /* RingViewController.m */; };
		CA2FB02B1889946F00BCAEF5 /* SampleViewController.m in Sources */ = {isa = PBXBuildFile; fileRef = CA2FB01B1889946F00BCAEF5 /* SampleViewController.m */; };
		CA2FB02C1889946F00BCAEF5 /* SegmentedBarViewController.m in Sources */ = {isa = PBXBuildFile; fileRef = CA2FB01D1889946F00BCAEF5 /* SegmentedBarViewController.m */; };
		CA2FB02D1889946F00BCAEF5 /* SegmentedRingViewController.m in Sources */ = {isa = PBXBuildFile; fileRef = CA2FB01F1889946F00BCAEF5 /* SegmentedRingViewController.m */; };
		CA2FB02E1889946F00BCAEF5 /* StripedBarViewController.m in Sources */ = {isa = PBXBuildFile; fileRef = CA2FB0211889946F00BCAEF5 /* StripedBarViewController.m */; };
		CA2FB0361889952E00BCAEF5 /* Galaxy.jpg in Resources */ = {isa = PBXBuildFile; fileRef = CA2FB0341889952E00BCAEF5 /* Galaxy.jpg */; };
		CA2FB0371889952E00BCAEF5 /* Striped_apple_logo.png in Resources */ = {isa = PBXBuildFile; fileRef = CA2FB0351889952E00BCAEF5 /* Striped_apple_logo.png */; };
		CA2FB03A1889974600BCAEF5 /* Accelerate.framework in Frameworks */ = {isa = PBXBuildFile; fileRef = CA2FB0391889974600BCAEF5 /* Accelerate.framework */; };
		CA2FB03C1889975400BCAEF5 /* CoreImage.framework in Frameworks */ = {isa = PBXBuildFile; fileRef = CA2FB03B1889975400BCAEF5 /* CoreImage.framework */; };
		CA2FB03E1889975A00BCAEF5 /* QuartzCore.framework in Frameworks */ = {isa = PBXBuildFile; fileRef = CA2FB03D1889975A00BCAEF5 /* QuartzCore.framework */; };
		CA412B0518D2638E00FCB7CC /* RadiativeViewController.m in Sources */ = {isa = PBXBuildFile; fileRef = CA412B0418D2638E00FCB7CC /* RadiativeViewController.m */; };
		CA66890618CBEF9300827C48 /* MetroViewController.m in Sources */ = {isa = PBXBuildFile; fileRef = CA66890518CBEF9300827C48 /* MetroViewController.m */; };
		CA6F31C7190EBF11008D1E64 /* LetterpressViewController.m in Sources */ = {isa = PBXBuildFile; fileRef = CA6F31C6190EBF11008D1E64 /* LetterpressViewController.m */; };
		FB2A7BE11B793E5600FE4E4A /* M13ProgressSuite.h in Headers */ = {isa = PBXBuildFile; fileRef = FB2A7BE01B793E5600FE4E4A /* M13ProgressSuite.h */; settings = {ATTRIBUTES = (Public, ); }; };
/* End PBXBuildFile section */

/* Begin PBXContainerItemProxy section */
		CA2FAFC11889907300BCAEF5 /* PBXContainerItemProxy */ = {
			isa = PBXContainerItemProxy;
			containerPortal = CA2FAF901889907300BCAEF5 /* Project object */;
			proxyType = 1;
			remoteGlobalIDString = CA2FAF971889907300BCAEF5;
			remoteInfo = M13ProgressSuite;
		};
/* End PBXContainerItemProxy section */

/* Begin PBXCopyFilesBuildPhase section */
		FB2A7BFA1B793E5600FE4E4A /* Embed Frameworks */ = {
			isa = PBXCopyFilesBuildPhase;
			buildActionMask = 2147483647;
			dstPath = "";
			dstSubfolderSpec = 10;
			files = (
			);
			name = "Embed Frameworks";
			runOnlyForDeploymentPostprocessing = 0;
		};
/* End PBXCopyFilesBuildPhase section */

/* Begin PBXFileReference section */
		00D792F975B8E7AC1C5DE5B0 /* Pods-M13ProgressSuiteDemo.debug.xcconfig */ = {isa = PBXFileReference; includeInIndex = 1; lastKnownFileType = text.xcconfig; name = "Pods-M13ProgressSuiteDemo.debug.xcconfig"; path = "Target Support Files/Pods-M13ProgressSuiteDemo/Pods-M13ProgressSuiteDemo.debug.xcconfig"; sourceTree = "<group>"; };
		6568F0733E1C864455A4CCA2 /* Pods-M13ProgressSuiteDemo.release.xcconfig */ = {isa = PBXFileReference; includeInIndex = 1; lastKnownFileType = text.xcconfig; name = "Pods-M13ProgressSuiteDemo.release.xcconfig"; path = "Target Support Files/Pods-M13ProgressSuiteDemo/Pods-M13ProgressSuiteDemo.release.xcconfig"; sourceTree = "<group>"; };
		84390FE6253723C4000E2704 /* M13ProgressSuiteDemo-SPM.app */ = {isa = PBXFileReference; explicitFileType = wrapper.application; includeInIndex = 0; path = "M13ProgressSuiteDemo-SPM.app"; sourceTree = BUILT_PRODUCTS_DIR; };
		BAA4432C67FD122402B77C82 /* Pods_M13ProgressSuiteDemo.framework */ = {isa = PBXFileReference; explicitFileType = wrapper.framework; includeInIndex = 0; path = Pods_M13ProgressSuiteDemo.framework; sourceTree = BUILT_PRODUCTS_DIR; };
		CA2FAF981889907300BCAEF5 /* M13ProgressSuiteDemo.app */ = {isa = PBXFileReference; explicitFileType = wrapper.application; includeInIndex = 0; path = M13ProgressSuiteDemo.app; sourceTree = BUILT_PRODUCTS_DIR; };
		CA2FAF9B1889907300BCAEF5 /* Foundation.framework */ = {isa = PBXFileReference; lastKnownFileType = wrapper.framework; name = Foundation.framework; path = System/Library/Frameworks/Foundation.framework; sourceTree = SDKROOT; };
		CA2FAF9D1889907300BCAEF5 /* CoreGraphics.framework */ = {isa = PBXFileReference; lastKnownFileType = wrapper.framework; name = CoreGraphics.framework; path = System/Library/Frameworks/CoreGraphics.framework; sourceTree = SDKROOT; };
		CA2FAF9F1889907300BCAEF5 /* UIKit.framework */ = {isa = PBXFileReference; lastKnownFileType = wrapper.framework; name = UIKit.framework; path = System/Library/Frameworks/UIKit.framework; sourceTree = SDKROOT; };
		CA2FAFA31889907300BCAEF5 /* M13ProgressSuite-Info.plist */ = {isa = PBXFileReference; lastKnownFileType = text.plist.xml; path = "M13ProgressSuite-Info.plist"; sourceTree = "<group>"; };
		CA2FAFA51889907300BCAEF5 /* en */ = {isa = PBXFileReference; lastKnownFileType = text.plist.strings; name = en; path = en.lproj/InfoPlist.strings; sourceTree = "<group>"; };
		CA2FAFA71889907300BCAEF5 /* main.m */ = {isa = PBXFileReference; lastKnownFileType = sourcecode.c.objc; path = main.m; sourceTree = "<group>"; };
		CA2FAFA91889907300BCAEF5 /* M13ProgressSuite-Prefix.pch */ = {isa = PBXFileReference; lastKnownFileType = sourcecode.c.h; path = "M13ProgressSuite-Prefix.pch"; sourceTree = "<group>"; };
		CA2FAFAA1889907300BCAEF5 /* AppDelegate.h */ = {isa = PBXFileReference; lastKnownFileType = sourcecode.c.h; path = AppDelegate.h; sourceTree = "<group>"; };
		CA2FAFAB1889907300BCAEF5 /* AppDelegate.m */ = {isa = PBXFileReference; lastKnownFileType = sourcecode.c.objc; path = AppDelegate.m; sourceTree = "<group>"; };
		CA2FAFAE1889907300BCAEF5 /* Base */ = {isa = PBXFileReference; lastKnownFileType = file.storyboard; name = Base; path = Base.lproj/Main_iPhone.storyboard; sourceTree = "<group>"; };
		CA2FAFB11889907300BCAEF5 /* Base */ = {isa = PBXFileReference; lastKnownFileType = file.storyboard; name = Base; path = Base.lproj/Main_iPad.storyboard; sourceTree = "<group>"; };
		CA2FAFB61889907300BCAEF5 /* Images.xcassets */ = {isa = PBXFileReference; lastKnownFileType = folder.assetcatalog; path = Images.xcassets; sourceTree = "<group>"; };
		CA2FAFBC1889907300BCAEF5 /* M13ProgressSuiteTests.xctest */ = {isa = PBXFileReference; explicitFileType = wrapper.cfbundle; includeInIndex = 0; path = M13ProgressSuiteTests.xctest; sourceTree = BUILT_PRODUCTS_DIR; };
		CA2FAFBD1889907300BCAEF5 /* XCTest.framework */ = {isa = PBXFileReference; lastKnownFileType = wrapper.framework; name = XCTest.framework; path = Library/Frameworks/XCTest.framework; sourceTree = DEVELOPER_DIR; };
		CA2FAFC51889907300BCAEF5 /* M13ProgressSuiteTests-Info.plist */ = {isa = PBXFileReference; lastKnownFileType = text.plist.xml; path = "M13ProgressSuiteTests-Info.plist"; sourceTree = "<group>"; };
		CA2FAFC71889907300BCAEF5 /* en */ = {isa = PBXFileReference; lastKnownFileType = text.plist.strings; name = en; path = en.lproj/InfoPlist.strings; sourceTree = "<group>"; };
		CA2FAFC91889907300BCAEF5 /* M13ProgressSuiteTests.m */ = {isa = PBXFileReference; lastKnownFileType = sourcecode.c.objc; path = M13ProgressSuiteTests.m; sourceTree = "<group>"; };
		CA2FB0081889946F00BCAEF5 /* BarViewController.h */ = {isa = PBXFileReference; fileEncoding = 4; lastKnownFileType = sourcecode.c.h; path = BarViewController.h; sourceTree = "<group>"; };
		CA2FB0091889946F00BCAEF5 /* BarViewController.m */ = {isa = PBXFileReference; fileEncoding = 4; lastKnownFileType = sourcecode.c.objc; path = BarViewController.m; sourceTree = "<group>"; };
		CA2FB00A1889946F00BCAEF5 /* BorderedBarViewController.h */ = {isa = PBXFileReference; fileEncoding = 4; lastKnownFileType = sourcecode.c.h; path = BorderedBarViewController.h; sourceTree = "<group>"; };
		CA2FB00B1889946F00BCAEF5 /* BorderedBarViewController.m */ = {isa = PBXFileReference; fileEncoding = 4; lastKnownFileType = sourcecode.c.objc; path = BorderedBarViewController.m; sourceTree = "<group>"; };
		CA2FB00C1889946F00BCAEF5 /* ConsoleViewController.h */ = {isa = PBXFileReference; fileEncoding = 4; lastKnownFileType = sourcecode.c.h; path = ConsoleViewController.h; sourceTree = "<group>"; };
		CA2FB00D1889946F00BCAEF5 /* ConsoleViewController.m */ = {isa = PBXFileReference; fileEncoding = 4; lastKnownFileType = sourcecode.c.objc; path = ConsoleViewController.m; sourceTree = "<group>"; };
		CA2FB00E1889946F00BCAEF5 /* FilteredImageViewController.h */ = {isa = PBXFileReference; fileEncoding = 4; lastKnownFileType = sourcecode.c.h; path = FilteredImageViewController.h; sourceTree = "<group>"; };
		CA2FB00F1889946F00BCAEF5 /* FilteredImageViewController.m */ = {isa = PBXFileReference; fileEncoding = 4; lastKnownFileType = sourcecode.c.objc; path = FilteredImageViewController.m; sourceTree = "<group>"; };
		CA2FB0101889946F00BCAEF5 /* ImageViewController.h */ = {isa = PBXFileReference; fileEncoding = 4; lastKnownFileType = sourcecode.c.h; path = ImageViewController.h; sourceTree = "<group>"; };
		CA2FB0111889946F00BCAEF5 /* ImageViewController.m */ = {isa = PBXFileReference; fileEncoding = 4; lastKnownFileType = sourcecode.c.objc; path = ImageViewController.m; sourceTree = "<group>"; };
		CA2FB0121889946F00BCAEF5 /* M13ProgressViewBarNavigationControllerViewController.h */ = {isa = PBXFileReference; fileEncoding = 4; lastKnownFileType = sourcecode.c.h; path = M13ProgressViewBarNavigationControllerViewController.h; sourceTree = "<group>"; };
		CA2FB0131889946F00BCAEF5 /* M13ProgressViewBarNavigationControllerViewController.m */ = {isa = PBXFileReference; fileEncoding = 4; lastKnownFileType = sourcecode.c.objc; path = M13ProgressViewBarNavigationControllerViewController.m; sourceTree = "<group>"; };
		CA2FB0141889946F00BCAEF5 /* PieViewController.h */ = {isa = PBXFileReference; fileEncoding = 4; lastKnownFileType = sourcecode.c.h; path = PieViewController.h; sourceTree = "<group>"; };
		CA2FB0151889946F00BCAEF5 /* PieViewController.m */ = {isa = PBXFileReference; fileEncoding = 4; lastKnownFileType = sourcecode.c.objc; path = PieViewController.m; sourceTree = "<group>"; };
		CA2FB0161889946F00BCAEF5 /* ProgressHUDViewController.h */ = {isa = PBXFileReference; fileEncoding = 4; lastKnownFileType = sourcecode.c.h; path = ProgressHUDViewController.h; sourceTree = "<group>"; };
		CA2FB0171889946F00BCAEF5 /* ProgressHUDViewController.m */ = {isa = PBXFileReference; fileEncoding = 4; lastKnownFileType = sourcecode.c.objc; path = ProgressHUDViewController.m; sourceTree = "<group>"; };
		CA2FB0181889946F00BCAEF5 /* RingViewController.h */ = {isa = PBXFileReference; fileEncoding = 4; lastKnownFileType = sourcecode.c.h; path = RingViewController.h; sourceTree = "<group>"; };
		CA2FB0191889946F00BCAEF5 /* RingViewController.m */ = {isa = PBXFileReference; fileEncoding = 4; lastKnownFileType = sourcecode.c.objc; path = RingViewController.m; sourceTree = "<group>"; };
		CA2FB01A1889946F00BCAEF5 /* SampleViewController.h */ = {isa = PBXFileReference; fileEncoding = 4; lastKnownFileType = sourcecode.c.h; path = SampleViewController.h; sourceTree = "<group>"; };
		CA2FB01B1889946F00BCAEF5 /* SampleViewController.m */ = {isa = PBXFileReference; fileEncoding = 4; lastKnownFileType = sourcecode.c.objc; path = SampleViewController.m; sourceTree = "<group>"; };
		CA2FB01C1889946F00BCAEF5 /* SegmentedBarViewController.h */ = {isa = PBXFileReference; fileEncoding = 4; lastKnownFileType = sourcecode.c.h; path = SegmentedBarViewController.h; sourceTree = "<group>"; };
		CA2FB01D1889946F00BCAEF5 /* SegmentedBarViewController.m */ = {isa = PBXFileReference; fileEncoding = 4; lastKnownFileType = sourcecode.c.objc; path = SegmentedBarViewController.m; sourceTree = "<group>"; };
		CA2FB01E1889946F00BCAEF5 /* SegmentedRingViewController.h */ = {isa = PBXFileReference; fileEncoding = 4; lastKnownFileType = sourcecode.c.h; path = SegmentedRingViewController.h; sourceTree = "<group>"; };
		CA2FB01F1889946F00BCAEF5 /* SegmentedRingViewController.m */ = {isa = PBXFileReference; fileEncoding = 4; lastKnownFileType = sourcecode.c.objc; path = SegmentedRingViewController.m; sourceTree = "<group>"; };
		CA2FB0201889946F00BCAEF5 /* StripedBarViewController.h */ = {isa = PBXFileReference; fileEncoding = 4; lastKnownFileType = sourcecode.c.h; path = StripedBarViewController.h; sourceTree = "<group>"; };
		CA2FB0211889946F00BCAEF5 /* StripedBarViewController.m */ = {isa = PBXFileReference; fileEncoding = 4; lastKnownFileType = sourcecode.c.objc; path = StripedBarViewController.m; sourceTree = "<group>"; };
		CA2FB0341889952E00BCAEF5 /* Galaxy.jpg */ = {isa = PBXFileReference; lastKnownFileType = image.jpeg; name = Galaxy.jpg; path = M13ProgressSuite/Galaxy.jpg; sourceTree = "<group>"; };
		CA2FB0351889952E00BCAEF5 /* Striped_apple_logo.png */ = {isa = PBXFileReference; lastKnownFileType = image.png; name = Striped_apple_logo.png; path = M13ProgressSuite/Striped_apple_logo.png; sourceTree = "<group>"; };
		CA2FB0391889974600BCAEF5 /* Accelerate.framework */ = {isa = PBXFileReference; lastKnownFileType = wrapper.framework; name = Accelerate.framework; path = System/Library/Frameworks/Accelerate.framework; sourceTree = SDKROOT; };
		CA2FB03B1889975400BCAEF5 /* CoreImage.framework */ = {isa = PBXFileReference; lastKnownFileType = wrapper.framework; name = CoreImage.framework; path = System/Library/Frameworks/CoreImage.framework; sourceTree = SDKROOT; };
		CA2FB03D1889975A00BCAEF5 /* QuartzCore.framework */ = {isa = PBXFileReference; lastKnownFileType = wrapper.framework; name = QuartzCore.framework; path = System/Library/Frameworks/QuartzCore.framework; sourceTree = SDKROOT; };
		CA412B0318D2638E00FCB7CC /* RadiativeViewController.h */ = {isa = PBXFileReference; fileEncoding = 4; lastKnownFileType = sourcecode.c.h; path = RadiativeViewController.h; sourceTree = "<group>"; };
		CA412B0418D2638E00FCB7CC /* RadiativeViewController.m */ = {isa = PBXFileReference; fileEncoding = 4; lastKnownFileType = sourcecode.c.objc; path = RadiativeViewController.m; sourceTree = "<group>"; };
		CA66890418CBEF9300827C48 /* MetroViewController.h */ = {isa = PBXFileReference; fileEncoding = 4; lastKnownFileType = sourcecode.c.h; path = MetroViewController.h; sourceTree = "<group>"; };
		CA66890518CBEF9300827C48 /* MetroViewController.m */ = {isa = PBXFileReference; fileEncoding = 4; lastKnownFileType = sourcecode.c.objc; path = MetroViewController.m; sourceTree = "<group>"; };
		CA6F31C5190EBF11008D1E64 /* LetterpressViewController.h */ = {isa = PBXFileReference; fileEncoding = 4; lastKnownFileType = sourcecode.c.h; path = LetterpressViewController.h; sourceTree = "<group>"; };
		CA6F31C6190EBF11008D1E64 /* LetterpressViewController.m */ = {isa = PBXFileReference; fileEncoding = 4; lastKnownFileType = sourcecode.c.objc; path = LetterpressViewController.m; sourceTree = "<group>"; };
		FB2A7BDC1B793E5600FE4E4A /* M13ProgressSuite.framework */ = {isa = PBXFileReference; explicitFileType = wrapper.framework; includeInIndex = 0; path = M13ProgressSuite.framework; sourceTree = BUILT_PRODUCTS_DIR; };
		FB2A7BDF1B793E5600FE4E4A /* Info.plist */ = {isa = PBXFileReference; lastKnownFileType = text.plist.xml; path = Info.plist; sourceTree = "<group>"; };
		FB2A7BE01B793E5600FE4E4A /* M13ProgressSuite.h */ = {isa = PBXFileReference; lastKnownFileType = sourcecode.c.h; path = M13ProgressSuite.h; sourceTree = "<group>"; };
/* End PBXFileReference section */

/* Begin PBXFrameworksBuildPhase section */
		84390FD2253723C4000E2704 /* Frameworks */ = {
			isa = PBXFrameworksBuildPhase;
			buildActionMask = 2147483647;
			files = (
				84390FD3253723C4000E2704 /* CoreGraphics.framework in Frameworks */,
				84390FD5253723C4000E2704 /* QuartzCore.framework in Frameworks */,
				84390FD6253723C4000E2704 /* CoreImage.framework in Frameworks */,
				84390FFB25372598000E2704 /* M13ProgressSuite in Frameworks */,
				84390FD7253723C4000E2704 /* Accelerate.framework in Frameworks */,
				84390FD8253723C4000E2704 /* UIKit.framework in Frameworks */,
				84390FD9253723C4000E2704 /* Foundation.framework in Frameworks */,
			);
			runOnlyForDeploymentPostprocessing = 0;
		};
		CA2FAF951889907300BCAEF5 /* Frameworks */ = {
			isa = PBXFrameworksBuildPhase;
			buildActionMask = 2147483647;
			files = (
				CA2FAF9E1889907300BCAEF5 /* CoreGraphics.framework in Frameworks */,
				CA2FB03E1889975A00BCAEF5 /* QuartzCore.framework in Frameworks */,
				CA2FB03C1889975400BCAEF5 /* CoreImage.framework in Frameworks */,
				CA2FB03A1889974600BCAEF5 /* Accelerate.framework in Frameworks */,
				CA2FAFA01889907300BCAEF5 /* UIKit.framework in Frameworks */,
				CA2FAF9C1889907300BCAEF5 /* Foundation.framework in Frameworks */,
				0A4BF74D4294774D5CA1D703 /* Pods_M13ProgressSuiteDemo.framework in Frameworks */,
			);
			runOnlyForDeploymentPostprocessing = 0;
		};
		CA2FAFB91889907300BCAEF5 /* Frameworks */ = {
			isa = PBXFrameworksBuildPhase;
			buildActionMask = 2147483647;
			files = (
				CA2FAFBE1889907300BCAEF5 /* XCTest.framework in Frameworks */,
				CA2FAFC01889907300BCAEF5 /* UIKit.framework in Frameworks */,
				CA2FAFBF1889907300BCAEF5 /* Foundation.framework in Frameworks */,
			);
			runOnlyForDeploymentPostprocessing = 0;
		};
		FB2A7BD81B793E5600FE4E4A /* Frameworks */ = {
			isa = PBXFrameworksBuildPhase;
			buildActionMask = 2147483647;
			files = (
			);
			runOnlyForDeploymentPostprocessing = 0;
		};
/* End PBXFrameworksBuildPhase section */

/* Begin PBXGroup section */
		CA2FAF8F1889907300BCAEF5 = {
			isa = PBXGroup;
			children = (
				CA2FB033188994E200BCAEF5 /* Images */,
				CA2FAFA11889907300BCAEF5 /* M13ProgressSuite */,
				CA2FAFC31889907300BCAEF5 /* M13ProgressSuiteTests */,
				FB2A7BDD1B793E5600FE4E4A /* M13ProgressSuiteFramework */,
				CA2FAF9A1889907300BCAEF5 /* Frameworks */,
				CA2FAF991889907300BCAEF5 /* Products */,
				F7CD63C2B9A0AB31F9811961 /* Pods */,
			);
			sourceTree = "<group>";
		};
		CA2FAF991889907300BCAEF5 /* Products */ = {
			isa = PBXGroup;
			children = (
				CA2FAF981889907300BCAEF5 /* M13ProgressSuiteDemo.app */,
				CA2FAFBC1889907300BCAEF5 /* M13ProgressSuiteTests.xctest */,
				FB2A7BDC1B793E5600FE4E4A /* M13ProgressSuite.framework */,
				84390FE6253723C4000E2704 /* M13ProgressSuiteDemo-SPM.app */,
			);
			name = Products;
			sourceTree = "<group>";
		};
		CA2FAF9A1889907300BCAEF5 /* Frameworks */ = {
			isa = PBXGroup;
			children = (
				CA2FB03D1889975A00BCAEF5 /* QuartzCore.framework */,
				CA2FB03B1889975400BCAEF5 /* CoreImage.framework */,
				CA2FB0391889974600BCAEF5 /* Accelerate.framework */,
				CA2FAF9B1889907300BCAEF5 /* Foundation.framework */,
				CA2FAF9D1889907300BCAEF5 /* CoreGraphics.framework */,
				CA2FAF9F1889907300BCAEF5 /* UIKit.framework */,
				CA2FAFBD1889907300BCAEF5 /* XCTest.framework */,
				BAA4432C67FD122402B77C82 /* Pods_M13ProgressSuiteDemo.framework */,
			);
			name = Frameworks;
			sourceTree = "<group>";
		};
		CA2FAFA11889907300BCAEF5 /* M13ProgressSuite */ = {
			isa = PBXGroup;
			children = (
				CA2FB02F1889947500BCAEF5 /* Example View Controllers */,
				CA2FAFAA1889907300BCAEF5 /* AppDelegate.h */,
				CA2FAFAB1889907300BCAEF5 /* AppDelegate.m */,
				CA2FAFAD1889907300BCAEF5 /* Main_iPhone.storyboard */,
				CA2FAFB01889907300BCAEF5 /* Main_iPad.storyboard */,
				CA2FAFB61889907300BCAEF5 /* Images.xcassets */,
				CA2FAFA21889907300BCAEF5 /* Supporting Files */,
			);
			path = M13ProgressSuite;
			sourceTree = "<group>";
		};
		CA2FAFA21889907300BCAEF5 /* Supporting Files */ = {
			isa = PBXGroup;
			children = (
				CA2FAFA31889907300BCAEF5 /* M13ProgressSuite-Info.plist */,
				CA2FAFA41889907300BCAEF5 /* InfoPlist.strings */,
				CA2FAFA71889907300BCAEF5 /* main.m */,
				CA2FAFA91889907300BCAEF5 /* M13ProgressSuite-Prefix.pch */,
			);
			name = "Supporting Files";
			sourceTree = "<group>";
		};
		CA2FAFC31889907300BCAEF5 /* M13ProgressSuiteTests */ = {
			isa = PBXGroup;
			children = (
				CA2FAFC91889907300BCAEF5 /* M13ProgressSuiteTests.m */,
				CA2FAFC41889907300BCAEF5 /* Supporting Files */,
			);
			path = M13ProgressSuiteTests;
			sourceTree = "<group>";
		};
		CA2FAFC41889907300BCAEF5 /* Supporting Files */ = {
			isa = PBXGroup;
			children = (
				CA2FAFC51889907300BCAEF5 /* M13ProgressSuiteTests-Info.plist */,
				CA2FAFC61889907300BCAEF5 /* InfoPlist.strings */,
			);
			name = "Supporting Files";
			sourceTree = "<group>";
		};
		CA2FB02F1889947500BCAEF5 /* Example View Controllers */ = {
			isa = PBXGroup;
			children = (
				CA412B0618D2655500FCB7CC /* Finished */,
			);
			name = "Example View Controllers";
			sourceTree = "<group>";
		};
		CA2FB033188994E200BCAEF5 /* Images */ = {
			isa = PBXGroup;
			children = (
				CA2FB0341889952E00BCAEF5 /* Galaxy.jpg */,
				CA2FB0351889952E00BCAEF5 /* Striped_apple_logo.png */,
			);
			name = Images;
			sourceTree = "<group>";
		};
		CA412B0618D2655500FCB7CC /* Finished */ = {
			isa = PBXGroup;
			children = (
				CA6F31C5190EBF11008D1E64 /* LetterpressViewController.h */,
				CA6F31C6190EBF11008D1E64 /* LetterpressViewController.m */,
				CA2FB01A1889946F00BCAEF5 /* SampleViewController.h */,
				CA2FB01B1889946F00BCAEF5 /* SampleViewController.m */,
				CA412B0318D2638E00FCB7CC /* RadiativeViewController.h */,
				CA412B0418D2638E00FCB7CC /* RadiativeViewController.m */,
				CA2FB0081889946F00BCAEF5 /* BarViewController.h */,
				CA2FB0091889946F00BCAEF5 /* BarViewController.m */,
				CA2FB00A1889946F00BCAEF5 /* BorderedBarViewController.h */,
				CA2FB00B1889946F00BCAEF5 /* BorderedBarViewController.m */,
				CA2FB00C1889946F00BCAEF5 /* ConsoleViewController.h */,
				CA2FB00D1889946F00BCAEF5 /* ConsoleViewController.m */,
				CA2FB00E1889946F00BCAEF5 /* FilteredImageViewController.h */,
				CA2FB00F1889946F00BCAEF5 /* FilteredImageViewController.m */,
				CA2FB0101889946F00BCAEF5 /* ImageViewController.h */,
				CA2FB0111889946F00BCAEF5 /* ImageViewController.m */,
				CA2FB0121889946F00BCAEF5 /* M13ProgressViewBarNavigationControllerViewController.h */,
				CA2FB0131889946F00BCAEF5 /* M13ProgressViewBarNavigationControllerViewController.m */,
				CA2FB0141889946F00BCAEF5 /* PieViewController.h */,
				CA2FB0151889946F00BCAEF5 /* PieViewController.m */,
				CA2FB0161889946F00BCAEF5 /* ProgressHUDViewController.h */,
				CA2FB0171889946F00BCAEF5 /* ProgressHUDViewController.m */,
				CA2FB0181889946F00BCAEF5 /* RingViewController.h */,
				CA2FB0191889946F00BCAEF5 /* RingViewController.m */,
				CA2FB01C1889946F00BCAEF5 /* SegmentedBarViewController.h */,
				CA2FB01D1889946F00BCAEF5 /* SegmentedBarViewController.m */,
				CA2FB01E1889946F00BCAEF5 /* SegmentedRingViewController.h */,
				CA2FB01F1889946F00BCAEF5 /* SegmentedRingViewController.m */,
				CA2FB0201889946F00BCAEF5 /* StripedBarViewController.h */,
				CA2FB0211889946F00BCAEF5 /* StripedBarViewController.m */,
				CA66890418CBEF9300827C48 /* MetroViewController.h */,
				CA66890518CBEF9300827C48 /* MetroViewController.m */,
			);
			name = Finished;
			sourceTree = "<group>";
		};
		F7CD63C2B9A0AB31F9811961 /* Pods */ = {
			isa = PBXGroup;
			children = (
				00D792F975B8E7AC1C5DE5B0 /* Pods-M13ProgressSuiteDemo.debug.xcconfig */,
				6568F0733E1C864455A4CCA2 /* Pods-M13ProgressSuiteDemo.release.xcconfig */,
			);
			path = Pods;
			sourceTree = "<group>";
		};
		FB2A7BDD1B793E5600FE4E4A /* M13ProgressSuiteFramework */ = {
			isa = PBXGroup;
			children = (
				FB2A7BE01B793E5600FE4E4A /* M13ProgressSuite.h */,
				FB2A7BDE1B793E5600FE4E4A /* Supporting Files */,
			);
			path = M13ProgressSuiteFramework;
			sourceTree = "<group>";
		};
		FB2A7BDE1B793E5600FE4E4A /* Supporting Files */ = {
			isa = PBXGroup;
			children = (
				FB2A7BDF1B793E5600FE4E4A /* Info.plist */,
			);
			name = "Supporting Files";
			sourceTree = "<group>";
		};
/* End PBXGroup section */

/* Begin PBXHeadersBuildPhase section */
		FB2A7BD91B793E5600FE4E4A /* Headers */ = {
			isa = PBXHeadersBuildPhase;
			buildActionMask = 2147483647;
			files = (
				FB2A7BE11B793E5600FE4E4A /* M13ProgressSuite.h in Headers */,
			);
			runOnlyForDeploymentPostprocessing = 0;
		};
/* End PBXHeadersBuildPhase section */

/* Begin PBXNativeTarget section */
		84390FBB253723C4000E2704 /* M13ProgressSuiteDemo-SPM */ = {
			isa = PBXNativeTarget;
			buildConfigurationList = 84390FE3253723C4000E2704 /* Build configuration list for PBXNativeTarget "M13ProgressSuiteDemo-SPM" */;
			buildPhases = (
				84390FBE253723C4000E2704 /* Sources */,
				84390FD2253723C4000E2704 /* Frameworks */,
				84390FDA253723C4000E2704 /* Resources */,
			);
			buildRules = (
			);
			dependencies = (
			);
			name = "M13ProgressSuiteDemo-SPM";
			packageProductDependencies = (
				84390FFA25372598000E2704 /* M13ProgressSuite */,
			);
			productName = M13ProgressSuite;
			productReference = 84390FE6253723C4000E2704 /* M13ProgressSuiteDemo-SPM.app */;
			productType = "com.apple.product-type.application";
		};
		CA2FAF971889907300BCAEF5 /* M13ProgressSuiteDemo */ = {
			isa = PBXNativeTarget;
			buildConfigurationList = CA2FAFCD1889907300BCAEF5 /* Build configuration list for PBXNativeTarget "M13ProgressSuiteDemo" */;
			buildPhases = (
				073E8EBC415ABB0629091437 /* [CP] Check Pods Manifest.lock */,
				CA2FAF941889907300BCAEF5 /* Sources */,
				CA2FAF951889907300BCAEF5 /* Frameworks */,
				CA2FAF961889907300BCAEF5 /* Resources */,
				FB2A7BFA1B793E5600FE4E4A /* Embed Frameworks */,
				F5B0C307639EB8ABC2A4133B /* [CP] Embed Pods Frameworks */,
			);
			buildRules = (
			);
			dependencies = (
			);
			name = M13ProgressSuiteDemo;
			productName = M13ProgressSuite;
			productReference = CA2FAF981889907300BCAEF5 /* M13ProgressSuiteDemo.app */;
			productType = "com.apple.product-type.application";
		};
		CA2FAFBB1889907300BCAEF5 /* M13ProgressSuiteTests */ = {
			isa = PBXNativeTarget;
			buildConfigurationList = CA2FAFD01889907300BCAEF5 /* Build configuration list for PBXNativeTarget "M13ProgressSuiteTests" */;
			buildPhases = (
				CA2FAFB81889907300BCAEF5 /* Sources */,
				CA2FAFB91889907300BCAEF5 /* Frameworks */,
				CA2FAFBA1889907300BCAEF5 /* Resources */,
			);
			buildRules = (
			);
			dependencies = (
				CA2FAFC21889907300BCAEF5 /* PBXTargetDependency */,
			);
			name = M13ProgressSuiteTests;
			productName = M13ProgressSuiteTests;
			productReference = CA2FAFBC1889907300BCAEF5 /* M13ProgressSuiteTests.xctest */;
			productType = "com.apple.product-type.bundle.unit-test";
		};
		FB2A7BDB1B793E5600FE4E4A /* M13ProgressSuiteFramework */ = {
			isa = PBXNativeTarget;
			buildConfigurationList = FB2A7BF91B793E5600FE4E4A /* Build configuration list for PBXNativeTarget "M13ProgressSuiteFramework" */;
			buildPhases = (
				FB2A7BD71B793E5600FE4E4A /* Sources */,
				FB2A7BD81B793E5600FE4E4A /* Frameworks */,
				FB2A7BD91B793E5600FE4E4A /* Headers */,
				FB2A7BDA1B793E5600FE4E4A /* Resources */,
			);
			buildRules = (
			);
			dependencies = (
			);
			name = M13ProgressSuiteFramework;
			productName = M13ProgressSuiteFramework;
			productReference = FB2A7BDC1B793E5600FE4E4A /* M13ProgressSuite.framework */;
			productType = "com.apple.product-type.framework";
		};
/* End PBXNativeTarget section */

/* Begin PBXProject section */
		CA2FAF901889907300BCAEF5 /* Project object */ = {
			isa = PBXProject;
			attributes = {
				LastUpgradeCheck = 0720;
				ORGANIZATIONNAME = "Brandon McQuilkin";
				TargetAttributes = {
					CA2FAFBB1889907300BCAEF5 = {
						TestTargetID = CA2FAF971889907300BCAEF5;
					};
					FB2A7BDB1B793E5600FE4E4A = {
						CreatedOnToolsVersion = 6.4;
					};
				};
			};
			buildConfigurationList = CA2FAF931889907300BCAEF5 /* Build configuration list for PBXProject "M13ProgressSuite" */;
			compatibilityVersion = "Xcode 3.2";
			developmentRegion = English;
			hasScannedForEncodings = 0;
			knownRegions = (
				English,
				en,
				Base,
			);
			mainGroup = CA2FAF8F1889907300BCAEF5;
			productRefGroup = CA2FAF991889907300BCAEF5 /* Products */;
			projectDirPath = "";
			projectRoot = "";
			targets = (
				CA2FAF971889907300BCAEF5 /* M13ProgressSuiteDemo */,
				CA2FAFBB1889907300BCAEF5 /* M13ProgressSuiteTests */,
				FB2A7BDB1B793E5600FE4E4A /* M13ProgressSuiteFramework */,
				CA2FB0431889986D00BCAEF5 /* Documentation */,
				84390FBB253723C4000E2704 /* M13ProgressSuiteDemo-SPM */,
			);
		};
/* End PBXProject section */

/* Begin PBXResourcesBuildPhase section */
		84390FDA253723C4000E2704 /* Resources */ = {
			isa = PBXResourcesBuildPhase;
			buildActionMask = 2147483647;
			files = (
				84390FDB253723C4000E2704 /* Main_iPad.storyboard in Resources */,
				84390FDC253723C4000E2704 /* Galaxy.jpg in Resources */,
				84390FDD253723C4000E2704 /* Images.xcassets in Resources */,
				84390FDE253723C4000E2704 /* Striped_apple_logo.png in Resources */,
				84390FDF253723C4000E2704 /* Main_iPhone.storyboard in Resources */,
				84390FE0253723C4000E2704 /* InfoPlist.strings in Resources */,
			);
			runOnlyForDeploymentPostprocessing = 0;
		};
		CA2FAF961889907300BCAEF5 /* Resources */ = {
			isa = PBXResourcesBuildPhase;
			buildActionMask = 2147483647;
			files = (
				CA2FAFB21889907300BCAEF5 /* Main_iPad.storyboard in Resources */,
				CA2FB0361889952E00BCAEF5 /* Galaxy.jpg in Resources */,
				CA2FAFB71889907300BCAEF5 /* Images.xcassets in Resources */,
				CA2FB0371889952E00BCAEF5 /* Striped_apple_logo.png in Resources */,
				CA2FAFAF1889907300BCAEF5 /* Main_iPhone.storyboard in Resources */,
				CA2FAFA61889907300BCAEF5 /* InfoPlist.strings in Resources */,
			);
			runOnlyForDeploymentPostprocessing = 0;
		};
		CA2FAFBA1889907300BCAEF5 /* Resources */ = {
			isa = PBXResourcesBuildPhase;
			buildActionMask = 2147483647;
			files = (
				CA2FAFC81889907300BCAEF5 /* InfoPlist.strings in Resources */,
			);
			runOnlyForDeploymentPostprocessing = 0;
		};
		FB2A7BDA1B793E5600FE4E4A /* Resources */ = {
			isa = PBXResourcesBuildPhase;
			buildActionMask = 2147483647;
			files = (
			);
			runOnlyForDeploymentPostprocessing = 0;
		};
/* End PBXResourcesBuildPhase section */

/* Begin PBXShellScriptBuildPhase section */
		073E8EBC415ABB0629091437 /* [CP] Check Pods Manifest.lock */ = {
			isa = PBXShellScriptBuildPhase;
			buildActionMask = 2147483647;
			files = (
			);
			inputFileListPaths = (
			);
			inputPaths = (
				"${PODS_PODFILE_DIR_PATH}/Podfile.lock",
				"${PODS_ROOT}/Manifest.lock",
			);
			name = "[CP] Check Pods Manifest.lock";
			outputFileListPaths = (
			);
			outputPaths = (
				"$(DERIVED_FILE_DIR)/Pods-M13ProgressSuiteDemo-checkManifestLockResult.txt",
			);
			runOnlyForDeploymentPostprocessing = 0;
			shellPath = /bin/sh;
			shellScript = "diff \"${PODS_PODFILE_DIR_PATH}/Podfile.lock\" \"${PODS_ROOT}/Manifest.lock\" > /dev/null\nif [ $? != 0 ] ; then\n    # print error to STDERR\n    echo \"error: The sandbox is not in sync with the Podfile.lock. Run 'pod install' or update your CocoaPods installation.\" >&2\n    exit 1\nfi\n# This output is used by Xcode 'outputs' to avoid re-running this script phase.\necho \"SUCCESS\" > \"${SCRIPT_OUTPUT_FILE_0}\"\n";
			showEnvVarsInLog = 0;
		};
		CA2FB0471889988600BCAEF5 /* ShellScript */ = {
			isa = PBXShellScriptBuildPhase;
			buildActionMask = 2147483647;
			files = (
			);
			inputPaths = (
			);
			outputPaths = (
			);
			runOnlyForDeploymentPostprocessing = 0;
			shellPath = /bin/sh;
			shellScript = "#appledoc Xcode script\n# Start constants\ncompany=\"Marxon13 Productions (Brandon McQuilkin)\";\ncompanyID=\"com.BrandonMcQuilkin\";\ncompanyURL=\"http://marxon13.com\";\ntarget=\"iphoneos\";\noutputPath=\"/Users/Brandon/Documents/Development/Github/Marxon13/M13ProgressSuite/Documentation\";\n# End constants\n/usr/local/bin/appledoc \\\n--project-name \"${PROJECT_NAME}\" \\\n--project-company \"${company}\" \\\n--company-id \"${companyID}\" \\\n--docset-atom-filename \"${company}.atom\" \\\n--docset-feed-url \"${companyURL}/${company}/%DOCSETATOMFILENAME\" \\\n--docset-package-url \"${companyURL}/${company}/%DOCSETPACKAGEFILENAME\" \\\n--docset-fallback-url \"${companyURL}/${company}\" \\\n--output \"${outputPath}\" \\\n--publish-docset \\\n--docset-platform-family \"${target}\" \\\n--logformat xcode \\\n--keep-intermediate-files \\\n--no-repeat-first-par \\\n--no-warn-invalid-crossref \\\n--exit-threshold 2 \\\n\"${PROJECT_DIR}\"";
		};
		F5B0C307639EB8ABC2A4133B /* [CP] Embed Pods Frameworks */ = {
			isa = PBXShellScriptBuildPhase;
			buildActionMask = 2147483647;
			files = (
			);
			inputFileListPaths = (
				"${PODS_ROOT}/Target Support Files/Pods-M13ProgressSuiteDemo/Pods-M13ProgressSuiteDemo-frameworks-${CONFIGURATION}-input-files.xcfilelist",
			);
			name = "[CP] Embed Pods Frameworks";
			outputFileListPaths = (
				"${PODS_ROOT}/Target Support Files/Pods-M13ProgressSuiteDemo/Pods-M13ProgressSuiteDemo-frameworks-${CONFIGURATION}-output-files.xcfilelist",
			);
			runOnlyForDeploymentPostprocessing = 0;
			shellPath = /bin/sh;
			shellScript = "\"${PODS_ROOT}/Target Support Files/Pods-M13ProgressSuiteDemo/Pods-M13ProgressSuiteDemo-frameworks.sh\"\n";
			showEnvVarsInLog = 0;
		};
/* End PBXShellScriptBuildPhase section */

/* Begin PBXSourcesBuildPhase section */
		84390FBE253723C4000E2704 /* Sources */ = {
			isa = PBXSourcesBuildPhase;
			buildActionMask = 2147483647;
			files = (
				84390FC0253723C4000E2704 /* SampleViewController.m in Sources */,
				84390FC1253723C4000E2704 /* LetterpressViewController.m in Sources */,
				84390FC2253723C4000E2704 /* BarViewController.m in Sources */,
				84390FC3253723C4000E2704 /* M13ProgressViewBarNavigationControllerViewController.m in Sources */,
				84390FC4253723C4000E2704 /* RadiativeViewController.m in Sources */,
				84390FC5253723C4000E2704 /* ProgressHUDViewController.m in Sources */,
				84390FC6253723C4000E2704 /* RingViewController.m in Sources */,
				84390FC7253723C4000E2704 /* SegmentedBarViewController.m in Sources */,
				84390FC8253723C4000E2704 /* MetroViewController.m in Sources */,
				84390FC9253723C4000E2704 /* PieViewController.m in Sources */,
				84390FCA253723C4000E2704 /* ImageViewController.m in Sources */,
				84390FCB253723C4000E2704 /* BorderedBarViewController.m in Sources */,
				84390FCC253723C4000E2704 /* AppDelegate.m in Sources */,
				84390FCD253723C4000E2704 /* main.m in Sources */,
				84390FCE253723C4000E2704 /* FilteredImageViewController.m in Sources */,
				84390FCF253723C4000E2704 /* ConsoleViewController.m in Sources */,
				84390FD0253723C4000E2704 /* StripedBarViewController.m in Sources */,
				84390FD1253723C4000E2704 /* SegmentedRingViewController.m in Sources */,
			);
			runOnlyForDeploymentPostprocessing = 0;
		};
		CA2FAF941889907300BCAEF5 /* Sources */ = {
			isa = PBXSourcesBuildPhase;
			buildActionMask = 2147483647;
			files = (
				CA2FB02B1889946F00BCAEF5 /* SampleViewController.m in Sources */,
				CA6F31C7190EBF11008D1E64 /* LetterpressViewController.m in Sources */,
				CA2FB0221889946F00BCAEF5 /* BarViewController.m in Sources */,
				CA2FB0271889946F00BCAEF5 /* M13ProgressViewBarNavigationControllerViewController.m in Sources */,
				CA412B0518D2638E00FCB7CC /* RadiativeViewController.m in Sources */,
				CA2FB0291889946F00BCAEF5 /* ProgressHUDViewController.m in Sources */,
				CA2FB02A1889946F00BCAEF5 /* RingViewController.m in Sources */,
				CA2FB02C1889946F00BCAEF5 /* SegmentedBarViewController.m in Sources */,
				CA66890618CBEF9300827C48 /* MetroViewController.m in Sources */,
				CA2FB0281889946F00BCAEF5 /* PieViewController.m in Sources */,
				CA2FB0261889946F00BCAEF5 /* ImageViewController.m in Sources */,
				CA2FB0231889946F00BCAEF5 /* BorderedBarViewController.m in Sources */,
				CA2FAFAC1889907300BCAEF5 /* AppDelegate.m in Sources */,
				CA2FAFA81889907300BCAEF5 /* main.m in Sources */,
				CA2FB0251889946F00BCAEF5 /* FilteredImageViewController.m in Sources */,
				CA2FB0241889946F00BCAEF5 /* ConsoleViewController.m in Sources */,
				CA2FB02E1889946F00BCAEF5 /* StripedBarViewController.m in Sources */,
				CA2FB02D1889946F00BCAEF5 /* SegmentedRingViewController.m in Sources */,
			);
			runOnlyForDeploymentPostprocessing = 0;
		};
		CA2FAFB81889907300BCAEF5 /* Sources */ = {
			isa = PBXSourcesBuildPhase;
			buildActionMask = 2147483647;
			files = (
				CA2FAFCA1889907300BCAEF5 /* M13ProgressSuiteTests.m in Sources */,
			);
			runOnlyForDeploymentPostprocessing = 0;
		};
		FB2A7BD71B793E5600FE4E4A /* Sources */ = {
			isa = PBXSourcesBuildPhase;
			buildActionMask = 2147483647;
			files = (
			);
			runOnlyForDeploymentPostprocessing = 0;
		};
/* End PBXSourcesBuildPhase section */

/* Begin PBXTargetDependency section */
		CA2FAFC21889907300BCAEF5 /* PBXTargetDependency */ = {
			isa = PBXTargetDependency;
			target = CA2FAF971889907300BCAEF5 /* M13ProgressSuiteDemo */;
			targetProxy = CA2FAFC11889907300BCAEF5 /* PBXContainerItemProxy */;
		};
/* End PBXTargetDependency section */

/* Begin PBXVariantGroup section */
		CA2FAFA41889907300BCAEF5 /* InfoPlist.strings */ = {
			isa = PBXVariantGroup;
			children = (
				CA2FAFA51889907300BCAEF5 /* en */,
			);
			name = InfoPlist.strings;
			sourceTree = "<group>";
		};
		CA2FAFAD1889907300BCAEF5 /* Main_iPhone.storyboard */ = {
			isa = PBXVariantGroup;
			children = (
				CA2FAFAE1889907300BCAEF5 /* Base */,
			);
			name = Main_iPhone.storyboard;
			sourceTree = "<group>";
		};
		CA2FAFB01889907300BCAEF5 /* Main_iPad.storyboard */ = {
			isa = PBXVariantGroup;
			children = (
				CA2FAFB11889907300BCAEF5 /* Base */,
			);
			name = Main_iPad.storyboard;
			sourceTree = "<group>";
		};
		CA2FAFC61889907300BCAEF5 /* InfoPlist.strings */ = {
			isa = PBXVariantGroup;
			children = (
				CA2FAFC71889907300BCAEF5 /* en */,
			);
			name = InfoPlist.strings;
			sourceTree = "<group>";
		};
/* End PBXVariantGroup section */

/* Begin XCBuildConfiguration section */
		84390FE4253723C4000E2704 /* Debug */ = {
			isa = XCBuildConfiguration;
			buildSettings = {
				ASSETCATALOG_COMPILER_APPICON_NAME = AppIcon;
				ASSETCATALOG_COMPILER_LAUNCHIMAGE_NAME = LaunchImage;
				GCC_PRECOMPILE_PREFIX_HEADER = YES;
				GCC_PREFIX_HEADER = "M13ProgressSuite/M13ProgressSuite-Prefix.pch";
				INFOPLIST_FILE = "M13ProgressSuite/M13ProgressSuite-Info.plist";
				IPHONEOS_DEPLOYMENT_TARGET = 9.0;
				LD_RUNPATH_SEARCH_PATHS = (
					"$(inherited)",
					"@executable_path/Frameworks",
				);
				PRODUCT_BUNDLE_IDENTIFIER = "com.BrandonMcQuilkin.${PRODUCT_NAME:rfc1034identifier}";
				PRODUCT_NAME = "$(TARGET_NAME)";
				WRAPPER_EXTENSION = app;
			};
			name = Debug;
		};
		84390FE5253723C4000E2704 /* Release */ = {
			isa = XCBuildConfiguration;
			buildSettings = {
				ASSETCATALOG_COMPILER_APPICON_NAME = AppIcon;
				ASSETCATALOG_COMPILER_LAUNCHIMAGE_NAME = LaunchImage;
				GCC_PRECOMPILE_PREFIX_HEADER = YES;
				GCC_PREFIX_HEADER = "M13ProgressSuite/M13ProgressSuite-Prefix.pch";
				INFOPLIST_FILE = "M13ProgressSuite/M13ProgressSuite-Info.plist";
				IPHONEOS_DEPLOYMENT_TARGET = 9.0;
				LD_RUNPATH_SEARCH_PATHS = (
					"$(inherited)",
					"@executable_path/Frameworks",
				);
				PRODUCT_BUNDLE_IDENTIFIER = "com.BrandonMcQuilkin.${PRODUCT_NAME:rfc1034identifier}";
				PRODUCT_NAME = "$(TARGET_NAME)";
				WRAPPER_EXTENSION = app;
			};
			name = Release;
		};
		CA2FAFCB1889907300BCAEF5 /* Debug */ = {
			isa = XCBuildConfiguration;
			buildSettings = {
				ALWAYS_SEARCH_USER_PATHS = NO;
				CLANG_CXX_LANGUAGE_STANDARD = "gnu++0x";
				CLANG_CXX_LIBRARY = "libc++";
				CLANG_ENABLE_MODULES = YES;
				CLANG_ENABLE_OBJC_ARC = YES;
				CLANG_WARN_BOOL_CONVERSION = YES;
				CLANG_WARN_CONSTANT_CONVERSION = YES;
				CLANG_WARN_DIRECT_OBJC_ISA_USAGE = YES_ERROR;
				CLANG_WARN_EMPTY_BODY = YES;
				CLANG_WARN_ENUM_CONVERSION = YES;
				CLANG_WARN_INT_CONVERSION = YES;
				CLANG_WARN_OBJC_ROOT_CLASS = YES_ERROR;
				CLANG_WARN__DUPLICATE_METHOD_MATCH = YES;
				"CODE_SIGN_IDENTITY[sdk=iphoneos*]" = "iPhone Developer";
				COPY_PHASE_STRIP = NO;
				ENABLE_TESTABILITY = YES;
				GCC_C_LANGUAGE_STANDARD = gnu99;
				GCC_DYNAMIC_NO_PIC = NO;
				GCC_OPTIMIZATION_LEVEL = 0;
				GCC_PREPROCESSOR_DEFINITIONS = (
					"DEBUG=1",
					"$(inherited)",
				);
				GCC_SYMBOLS_PRIVATE_EXTERN = NO;
				GCC_WARN_64_TO_32_BIT_CONVERSION = YES;
				GCC_WARN_ABOUT_RETURN_TYPE = YES_ERROR;
				GCC_WARN_UNDECLARED_SELECTOR = YES;
				GCC_WARN_UNINITIALIZED_AUTOS = YES;
				GCC_WARN_UNUSED_FUNCTION = YES;
				GCC_WARN_UNUSED_VARIABLE = YES;
				IPHONEOS_DEPLOYMENT_TARGET = 8.0;
				ONLY_ACTIVE_ARCH = YES;
				SDKROOT = iphoneos;
				TARGETED_DEVICE_FAMILY = "1,2";
			};
			name = Debug;
		};
		CA2FAFCC1889907300BCAEF5 /* Release */ = {
			isa = XCBuildConfiguration;
			buildSettings = {
				ALWAYS_SEARCH_USER_PATHS = NO;
				CLANG_CXX_LANGUAGE_STANDARD = "gnu++0x";
				CLANG_CXX_LIBRARY = "libc++";
				CLANG_ENABLE_MODULES = YES;
				CLANG_ENABLE_OBJC_ARC = YES;
				CLANG_WARN_BOOL_CONVERSION = YES;
				CLANG_WARN_CONSTANT_CONVERSION = YES;
				CLANG_WARN_DIRECT_OBJC_ISA_USAGE = YES_ERROR;
				CLANG_WARN_EMPTY_BODY = YES;
				CLANG_WARN_ENUM_CONVERSION = YES;
				CLANG_WARN_INT_CONVERSION = YES;
				CLANG_WARN_OBJC_ROOT_CLASS = YES_ERROR;
				CLANG_WARN__DUPLICATE_METHOD_MATCH = YES;
				"CODE_SIGN_IDENTITY[sdk=iphoneos*]" = "iPhone Developer";
				COPY_PHASE_STRIP = YES;
				ENABLE_NS_ASSERTIONS = NO;
				GCC_C_LANGUAGE_STANDARD = gnu99;
				GCC_WARN_64_TO_32_BIT_CONVERSION = YES;
				GCC_WARN_ABOUT_RETURN_TYPE = YES_ERROR;
				GCC_WARN_UNDECLARED_SELECTOR = YES;
				GCC_WARN_UNINITIALIZED_AUTOS = YES;
				GCC_WARN_UNUSED_FUNCTION = YES;
				GCC_WARN_UNUSED_VARIABLE = YES;
				IPHONEOS_DEPLOYMENT_TARGET = 8.0;
				SDKROOT = iphoneos;
				TARGETED_DEVICE_FAMILY = "1,2";
				VALIDATE_PRODUCT = YES;
			};
			name = Release;
		};
		CA2FAFCE1889907300BCAEF5 /* Debug */ = {
			isa = XCBuildConfiguration;
			baseConfigurationReference = 00D792F975B8E7AC1C5DE5B0 /* Pods-M13ProgressSuiteDemo.debug.xcconfig */;
			buildSettings = {
				ASSETCATALOG_COMPILER_APPICON_NAME = AppIcon;
				ASSETCATALOG_COMPILER_LAUNCHIMAGE_NAME = LaunchImage;
				GCC_PRECOMPILE_PREFIX_HEADER = YES;
				GCC_PREFIX_HEADER = "M13ProgressSuite/M13ProgressSuite-Prefix.pch";
				INFOPLIST_FILE = "M13ProgressSuite/M13ProgressSuite-Info.plist";
				IPHONEOS_DEPLOYMENT_TARGET = 9.0;
				LD_RUNPATH_SEARCH_PATHS = (
					"$(inherited)",
					"@executable_path/Frameworks",
				);
				PRODUCT_BUNDLE_IDENTIFIER = "com.BrandonMcQuilkin.${PRODUCT_NAME:rfc1034identifier}";
				PRODUCT_NAME = "$(TARGET_NAME)";
				WRAPPER_EXTENSION = app;
			};
			name = Debug;
		};
		CA2FAFCF1889907300BCAEF5 /* Release */ = {
			isa = XCBuildConfiguration;
			baseConfigurationReference = 6568F0733E1C864455A4CCA2 /* Pods-M13ProgressSuiteDemo.release.xcconfig */;
			buildSettings = {
				ASSETCATALOG_COMPILER_APPICON_NAME = AppIcon;
				ASSETCATALOG_COMPILER_LAUNCHIMAGE_NAME = LaunchImage;
				GCC_PRECOMPILE_PREFIX_HEADER = YES;
				GCC_PREFIX_HEADER = "M13ProgressSuite/M13ProgressSuite-Prefix.pch";
				INFOPLIST_FILE = "M13ProgressSuite/M13ProgressSuite-Info.plist";
				IPHONEOS_DEPLOYMENT_TARGET = 9.0;
				LD_RUNPATH_SEARCH_PATHS = (
					"$(inherited)",
					"@executable_path/Frameworks",
				);
				PRODUCT_BUNDLE_IDENTIFIER = "com.BrandonMcQuilkin.${PRODUCT_NAME:rfc1034identifier}";
				PRODUCT_NAME = "$(TARGET_NAME)";
				WRAPPER_EXTENSION = app;
			};
			name = Release;
		};
		CA2FAFD11889907300BCAEF5 /* Debug */ = {
			isa = XCBuildConfiguration;
			buildSettings = {
				BUNDLE_LOADER = "$(BUILT_PRODUCTS_DIR)/M13ProgressSuite.app/M13ProgressSuite";
				FRAMEWORK_SEARCH_PATHS = (
					"$(SDKROOT)/Developer/Library/Frameworks",
					"$(inherited)",
					"$(DEVELOPER_FRAMEWORKS_DIR)",
				);
				GCC_PRECOMPILE_PREFIX_HEADER = YES;
				GCC_PREFIX_HEADER = "M13ProgressSuite/M13ProgressSuite-Prefix.pch";
				GCC_PREPROCESSOR_DEFINITIONS = (
					"DEBUG=1",
					"$(inherited)",
				);
				INFOPLIST_FILE = "M13ProgressSuiteTests/M13ProgressSuiteTests-Info.plist";
				PRODUCT_BUNDLE_IDENTIFIER = "com.BrandonMcQuilkin.${PRODUCT_NAME:rfc1034identifier}";
				PRODUCT_NAME = "$(TARGET_NAME)";
				TEST_HOST = "$(BUNDLE_LOADER)";
				WRAPPER_EXTENSION = xctest;
			};
			name = Debug;
		};
		CA2FAFD21889907300BCAEF5 /* Release */ = {
			isa = XCBuildConfiguration;
			buildSettings = {
				BUNDLE_LOADER = "$(BUILT_PRODUCTS_DIR)/M13ProgressSuite.app/M13ProgressSuite";
				FRAMEWORK_SEARCH_PATHS = (
					"$(SDKROOT)/Developer/Library/Frameworks",
					"$(inherited)",
					"$(DEVELOPER_FRAMEWORKS_DIR)",
				);
				GCC_PRECOMPILE_PREFIX_HEADER = YES;
				GCC_PREFIX_HEADER = "M13ProgressSuite/M13ProgressSuite-Prefix.pch";
				INFOPLIST_FILE = "M13ProgressSuiteTests/M13ProgressSuiteTests-Info.plist";
				PRODUCT_BUNDLE_IDENTIFIER = "com.BrandonMcQuilkin.${PRODUCT_NAME:rfc1034identifier}";
				PRODUCT_NAME = "$(TARGET_NAME)";
				TEST_HOST = "$(BUNDLE_LOADER)";
				WRAPPER_EXTENSION = xctest;
			};
			name = Release;
		};
		CA2FB0451889986D00BCAEF5 /* Debug */ = {
			isa = XCBuildConfiguration;
			buildSettings = {
				PRODUCT_NAME = "$(TARGET_NAME)";
			};
			name = Debug;
		};
		CA2FB0461889986D00BCAEF5 /* Release */ = {
			isa = XCBuildConfiguration;
			buildSettings = {
				PRODUCT_NAME = "$(TARGET_NAME)";
			};
			name = Release;
		};
		FB2A7BF51B793E5600FE4E4A /* Debug */ = {
			isa = XCBuildConfiguration;
			buildSettings = {
				CLANG_WARN_OBJC_IMPLICIT_RETAIN_SELF = YES;
				CLANG_WARN_SUSPICIOUS_IMPLICIT_CONVERSION = YES;
				CLANG_WARN_UNREACHABLE_CODE = YES;
				CURRENT_PROJECT_VERSION = 1;
				DEBUG_INFORMATION_FORMAT = "dwarf-with-dsym";
				DEFINES_MODULE = YES;
				DYLIB_COMPATIBILITY_VERSION = 1;
				DYLIB_CURRENT_VERSION = 1;
				DYLIB_INSTALL_NAME_BASE = "@rpath";
				ENABLE_STRICT_OBJC_MSGSEND = YES;
				GCC_NO_COMMON_BLOCKS = YES;
				GCC_PREPROCESSOR_DEFINITIONS = (
					"DEBUG=1",
					"$(inherited)",
				);
				GCC_WARN_UNINITIALIZED_AUTOS = YES_AGGRESSIVE;
				INFOPLIST_FILE = M13ProgressSuiteFramework/Info.plist;
				INSTALL_PATH = "$(LOCAL_LIBRARY_DIR)/Frameworks";
				IPHONEOS_DEPLOYMENT_TARGET = 8.0;
				LD_RUNPATH_SEARCH_PATHS = (
					"$(inherited)",
					"@executable_path/Frameworks",
					"@loader_path/Frameworks",
				);
				MTL_ENABLE_DEBUG_INFO = YES;
				PRODUCT_BUNDLE_IDENTIFIER = "com.BrandonMcQuilkin.$(PRODUCT_NAME:rfc1034identifier)";
				PRODUCT_NAME = M13ProgressSuite;
				SKIP_INSTALL = YES;
				VERSIONING_SYSTEM = "apple-generic";
				VERSION_INFO_PREFIX = "";
			};
			name = Debug;
		};
		FB2A7BF61B793E5600FE4E4A /* Release */ = {
			isa = XCBuildConfiguration;
			buildSettings = {
				CLANG_WARN_OBJC_IMPLICIT_RETAIN_SELF = YES;
				CLANG_WARN_SUSPICIOUS_IMPLICIT_CONVERSION = YES;
				CLANG_WARN_UNREACHABLE_CODE = YES;
				COPY_PHASE_STRIP = NO;
				CURRENT_PROJECT_VERSION = 1;
				DEBUG_INFORMATION_FORMAT = "dwarf-with-dsym";
				DEFINES_MODULE = YES;
				DYLIB_COMPATIBILITY_VERSION = 1;
				DYLIB_CURRENT_VERSION = 1;
				DYLIB_INSTALL_NAME_BASE = "@rpath";
				ENABLE_STRICT_OBJC_MSGSEND = YES;
				GCC_NO_COMMON_BLOCKS = YES;
				GCC_WARN_UNINITIALIZED_AUTOS = YES_AGGRESSIVE;
				INFOPLIST_FILE = M13ProgressSuiteFramework/Info.plist;
				INSTALL_PATH = "$(LOCAL_LIBRARY_DIR)/Frameworks";
				IPHONEOS_DEPLOYMENT_TARGET = 8.0;
				LD_RUNPATH_SEARCH_PATHS = (
					"$(inherited)",
					"@executable_path/Frameworks",
					"@loader_path/Frameworks",
				);
				MTL_ENABLE_DEBUG_INFO = NO;
				PRODUCT_BUNDLE_IDENTIFIER = "com.BrandonMcQuilkin.$(PRODUCT_NAME:rfc1034identifier)";
				PRODUCT_NAME = M13ProgressSuite;
				SKIP_INSTALL = YES;
				VERSIONING_SYSTEM = "apple-generic";
				VERSION_INFO_PREFIX = "";
			};
			name = Release;
		};
/* End XCBuildConfiguration section */

/* Begin XCConfigurationList section */
		84390FE3253723C4000E2704 /* Build configuration list for PBXNativeTarget "M13ProgressSuiteDemo-SPM" */ = {
			isa = XCConfigurationList;
			buildConfigurations = (
				84390FE4253723C4000E2704 /* Debug */,
				84390FE5253723C4000E2704 /* Release */,
			);
			defaultConfigurationIsVisible = 0;
			defaultConfigurationName = Release;
		};
		CA2FAF931889907300BCAEF5 /* Build configuration list for PBXProject "M13ProgressSuite" */ = {
			isa = XCConfigurationList;
			buildConfigurations = (
				CA2FAFCB1889907300BCAEF5 /* Debug */,
				CA2FAFCC1889907300BCAEF5 /* Release */,
			);
			defaultConfigurationIsVisible = 0;
			defaultConfigurationName = Release;
		};
		CA2FAFCD1889907300BCAEF5 /* Build configuration list for PBXNativeTarget "M13ProgressSuiteDemo" */ = {
			isa = XCConfigurationList;
			buildConfigurations = (
				CA2FAFCE1889907300BCAEF5 /* Debug */,
				CA2FAFCF1889907300BCAEF5 /* Release */,
			);
			defaultConfigurationIsVisible = 0;
			defaultConfigurationName = Release;
		};
		CA2FAFD01889907300BCAEF5 /* Build configuration list for PBXNativeTarget "M13ProgressSuiteTests" */ = {
			isa = XCConfigurationList;
			buildConfigurations = (
				CA2FAFD11889907300BCAEF5 /* Debug */,
				CA2FAFD21889907300BCAEF5 /* Release */,
			);
			defaultConfigurationIsVisible = 0;
			defaultConfigurationName = Release;
		};
		CA2FB0441889986D00BCAEF5 /* Build configuration list for PBXAggregateTarget "Documentation" */ = {
			isa = XCConfigurationList;
			buildConfigurations = (
				CA2FB0451889986D00BCAEF5 /* Debug */,
				CA2FB0461889986D00BCAEF5 /* Release */,
			);
			defaultConfigurationIsVisible = 0;
			defaultConfigurationName = Release;
		};
		FB2A7BF91B793E5600FE4E4A /* Build configuration list for PBXNativeTarget "M13ProgressSuiteFramework" */ = {
			isa = XCConfigurationList;
			buildConfigurations = (
				FB2A7BF51B793E5600FE4E4A /* Debug */,
				FB2A7BF61B793E5600FE4E4A /* Release */,
			);
			defaultConfigurationIsVisible = 0;
			defaultConfigurationName = Release;
		};
/* End XCConfigurationList section */

/* Begin XCSwiftPackageProductDependency section */
		84390FFA25372598000E2704 /* M13ProgressSuite */ = {
			isa = XCSwiftPackageProductDependency;
			productName = M13ProgressSuite;
		};
/* End XCSwiftPackageProductDependency section */
	};
	rootObject = CA2FAF901889907300BCAEF5 /* Project object */;
}
