// !$*UTF8*$!
{
	archiveVersion = 1;
	classes = {
	};
	objectVersion = 46;
	objects = {

/* Begin PBXBuildFile section */
		C8016FD31BC1C77400A6E276 /* CircularPieExampleViewController.swift in Sources */ = {isa = PBXBuildFile; fileRef = C8016FD21BC1C77400A6E276 /* CircularPieExampleViewController.swift */; settings = {ASSET_TAGS = (); }; };
		C8016FD51BC1C77E00A6E276 /* M13ProgressPie.swift in Sources */ = {isa = PBXBuildFile; fileRef = C8016FD41BC1C77E00A6E276 /* M13ProgressPie.swift */; settings = {ASSET_TAGS = (); }; };
		C88840C61BBF17C700DA8B78 /* M13ProgressRing.swift in Sources */ = {isa = PBXBuildFile; fileRef = C88840C51BBF17C700DA8B78 /* M13ProgressRing.swift */; settings = {ASSET_TAGS = (); }; };
		C88840C81BBF17D000DA8B78 /* CircularRingExampleViewController.swift in Sources */ = {isa = PBXBuildFile; fileRef = C88840C71BBF17D000DA8B78 /* CircularRingExampleViewController.swift */; settings = {ASSET_TAGS = (); }; };
		C8A7D1961BC2F69A00B2500F /* M13ProgressSegmentedRing.swift in Sources */ = {isa = PBXBuildFile; fileRef = C8A7D1951BC2F69A00B2500F /* M13ProgressSegmentedRing.swift */; settings = {ASSET_TAGS = (); }; };
		C8A7D1981BC2F75100B2500F /* CircularSegmentedRingExampleViewController.swift in Sources */ = {isa = PBXBuildFile; fileRef = C8A7D1971BC2F75100B2500F /* CircularSegmentedRingExampleViewController.swift */; settings = {ASSET_TAGS = (); }; };
		C8C0AB8C1BC2D37100BD2B45 /* M13ProgressCircular.swift in Sources */ = {isa = PBXBuildFile; fileRef = C8C0AB8B1BC2D37100BD2B45 /* M13ProgressCircular.swift */; settings = {ASSET_TAGS = (); }; };
		CA27D1461BA1F65C0065D9E5 /* SplitViewController.swift in Sources */ = {isa = PBXBuildFile; fileRef = CA27D1451BA1F65C0065D9E5 /* SplitViewController.swift */; settings = {ASSET_TAGS = (); }; };
		CA92C82B1BA3906C009F3A19 /* M13ProgressView.swift in Sources */ = {isa = PBXBuildFile; fileRef = CA92C82A1BA3906C009F3A19 /* M13ProgressView.swift */; settings = {ASSET_TAGS = (); }; };
		CA92C82D1BA390D2009F3A19 /* M13ProgressBar.swift in Sources */ = {isa = PBXBuildFile; fileRef = CA92C82C1BA390D2009F3A19 /* M13ProgressBar.swift */; settings = {ASSET_TAGS = (); }; };
		CA92C8321BA5B8A3009F3A19 /* BasicProgressBarExampleViewController.swift in Sources */ = {isa = PBXBuildFile; fileRef = CA92C8311BA5B8A3009F3A19 /* BasicProgressBarExampleViewController.swift */; settings = {ASSET_TAGS = (); }; };
		CA92C8341BA5F1ED009F3A19 /* M13ProgressSuite.podspec in Resources */ = {isa = PBXBuildFile; fileRef = CA92C8331BA5F1ED009F3A19 /* M13ProgressSuite.podspec */; settings = {ASSET_TAGS = (); }; };
		CA92C8371BA5F43F009F3A19 /* M13BorderedProgressBar.swift in Sources */ = {isa = PBXBuildFile; fileRef = CA92C8361BA5F43F009F3A19 /* M13BorderedProgressBar.swift */; settings = {ASSET_TAGS = (); }; };
		CA92C83A1BA5FEB8009F3A19 /* BorderedProgressBarExampleViewController.swift in Sources */ = {isa = PBXBuildFile; fileRef = CA92C8391BA5FEB8009F3A19 /* BorderedProgressBarExampleViewController.swift */; settings = {ASSET_TAGS = (); }; };
		CAA870C71BC7279D00D0FC28 /* M13HUDController.swift in Sources */ = {isa = PBXBuildFile; fileRef = CAA870C61BC7279D00D0FC28 /* M13HUDController.swift */; settings = {ASSET_TAGS = (); }; };
		CAD9FDC21BA0A13000E5CB05 /* AppDelegate.swift in Sources */ = {isa = PBXBuildFile; fileRef = CAD9FDC11BA0A13000E5CB05 /* AppDelegate.swift */; };
		CAD9FDC41BA0A13000E5CB05 /* MasterViewController.swift in Sources */ = {isa = PBXBuildFile; fileRef = CAD9FDC31BA0A13000E5CB05 /* MasterViewController.swift */; };
		CAD9FDC61BA0A13000E5CB05 /* DetailViewController.swift in Sources */ = {isa = PBXBuildFile; fileRef = CAD9FDC51BA0A13000E5CB05 /* DetailViewController.swift */; };
		CAD9FDC91BA0A13000E5CB05 /* Main.storyboard in Resources */ = {isa = PBXBuildFile; fileRef = CAD9FDC71BA0A13000E5CB05 /* Main.storyboard */; };
		CAD9FDCB1BA0A13000E5CB05 /* Assets.xcassets in Resources */ = {isa = PBXBuildFile; fileRef = CAD9FDCA1BA0A13000E5CB05 /* Assets.xcassets */; };
		CAD9FDCE1BA0A13000E5CB05 /* LaunchScreen.storyboard in Resources */ = {isa = PBXBuildFile; fileRef = CAD9FDCC1BA0A13000E5CB05 /* LaunchScreen.storyboard */; };
/* End PBXBuildFile section */

/* Begin PBXFileReference section */
		C8016FD21BC1C77400A6E276 /* CircularPieExampleViewController.swift */ = {isa = PBXFileReference; fileEncoding = 4; lastKnownFileType = sourcecode.swift; path = CircularPieExampleViewController.swift; sourceTree = "<group>"; };
		C8016FD41BC1C77E00A6E276 /* M13ProgressPie.swift */ = {isa = PBXFileReference; fileEncoding = 4; lastKnownFileType = sourcecode.swift; name = M13ProgressPie.swift; path = "Classes/Progress Views/M13ProgressPie.swift"; sourceTree = SOURCE_ROOT; };
		C88840C51BBF17C700DA8B78 /* M13ProgressRing.swift */ = {isa = PBXFileReference; fileEncoding = 4; lastKnownFileType = sourcecode.swift; name = M13ProgressRing.swift; path = "Classes/Progress Views/M13ProgressRing.swift"; sourceTree = SOURCE_ROOT; };
		C88840C71BBF17D000DA8B78 /* CircularRingExampleViewController.swift */ = {isa = PBXFileReference; fileEncoding = 4; lastKnownFileType = sourcecode.swift; path = CircularRingExampleViewController.swift; sourceTree = "<group>"; };
		C8A7D1951BC2F69A00B2500F /* M13ProgressSegmentedRing.swift */ = {isa = PBXFileReference; fileEncoding = 4; lastKnownFileType = sourcecode.swift; name = M13ProgressSegmentedRing.swift; path = "Classes/Progress Views/M13ProgressSegmentedRing.swift"; sourceTree = SOURCE_ROOT; };
		C8A7D1971BC2F75100B2500F /* CircularSegmentedRingExampleViewController.swift */ = {isa = PBXFileReference; fileEncoding = 4; lastKnownFileType = sourcecode.swift; path = CircularSegmentedRingExampleViewController.swift; sourceTree = "<group>"; };
		C8C0AB8B1BC2D37100BD2B45 /* M13ProgressCircular.swift */ = {isa = PBXFileReference; fileEncoding = 4; lastKnownFileType = sourcecode.swift; name = M13ProgressCircular.swift; path = "Classes/Progress Views/M13ProgressCircular.swift"; sourceTree = SOURCE_ROOT; };
		CA27D1451BA1F65C0065D9E5 /* SplitViewController.swift */ = {isa = PBXFileReference; fileEncoding = 4; lastKnownFileType = sourcecode.swift; path = SplitViewController.swift; sourceTree = "<group>"; };
		CA92C82A1BA3906C009F3A19 /* M13ProgressView.swift */ = {isa = PBXFileReference; fileEncoding = 4; lastKnownFileType = sourcecode.swift; path = M13ProgressView.swift; sourceTree = "<group>"; };
		CA92C82C1BA390D2009F3A19 /* M13ProgressBar.swift */ = {isa = PBXFileReference; fileEncoding = 4; lastKnownFileType = sourcecode.swift; name = M13ProgressBar.swift; path = "Classes/Progress Views/M13ProgressBar.swift"; sourceTree = SOURCE_ROOT; };
		CA92C8311BA5B8A3009F3A19 /* BasicProgressBarExampleViewController.swift */ = {isa = PBXFileReference; fileEncoding = 4; lastKnownFileType = sourcecode.swift; path = BasicProgressBarExampleViewController.swift; sourceTree = "<group>"; };
		CA92C8331BA5F1ED009F3A19 /* M13ProgressSuite.podspec */ = {isa = PBXFileReference; fileEncoding = 4; lastKnownFileType = text; path = M13ProgressSuite.podspec; sourceTree = SOURCE_ROOT; };
		CA92C8361BA5F43F009F3A19 /* M13BorderedProgressBar.swift */ = {isa = PBXFileReference; fileEncoding = 4; lastKnownFileType = sourcecode.swift; name = M13BorderedProgressBar.swift; path = "Classes/Progress Views/M13BorderedProgressBar.swift"; sourceTree = SOURCE_ROOT; };
		CA92C8391BA5FEB8009F3A19 /* BorderedProgressBarExampleViewController.swift */ = {isa = PBXFileReference; fileEncoding = 4; lastKnownFileType = sourcecode.swift; path = BorderedProgressBarExampleViewController.swift; sourceTree = "<group>"; };
		CAA870C61BC7279D00D0FC28 /* M13HUDController.swift */ = {isa = PBXFileReference; fileEncoding = 4; lastKnownFileType = sourcecode.swift; name = M13HUDController.swift; path = Classes/HUD/M13HUDController.swift; sourceTree = SOURCE_ROOT; };
		CAD9FDBE1BA0A13000E5CB05 /* M13ProgressSuite.app */ = {isa = PBXFileReference; explicitFileType = wrapper.application; includeInIndex = 0; path = M13ProgressSuite.app; sourceTree = BUILT_PRODUCTS_DIR; };
		CAD9FDC11BA0A13000E5CB05 /* AppDelegate.swift */ = {isa = PBXFileReference; lastKnownFileType = sourcecode.swift; path = AppDelegate.swift; sourceTree = "<group>"; };
		CAD9FDC31BA0A13000E5CB05 /* MasterViewController.swift */ = {isa = PBXFileReference; lastKnownFileType = sourcecode.swift; path = MasterViewController.swift; sourceTree = "<group>"; };
		CAD9FDC51BA0A13000E5CB05 /* DetailViewController.swift */ = {isa = PBXFileReference; lastKnownFileType = sourcecode.swift; path = DetailViewController.swift; sourceTree = "<group>"; };
		CAD9FDC81BA0A13000E5CB05 /* Base */ = {isa = PBXFileReference; lastKnownFileType = file.storyboard; name = Base; path = Base.lproj/Main.storyboard; sourceTree = "<group>"; };
		CAD9FDCA1BA0A13000E5CB05 /* Assets.xcassets */ = {isa = PBXFileReference; lastKnownFileType = folder.assetcatalog; path = Assets.xcassets; sourceTree = "<group>"; };
		CAD9FDCD1BA0A13000E5CB05 /* Base */ = {isa = PBXFileReference; lastKnownFileType = file.storyboard; name = Base; path = Base.lproj/LaunchScreen.storyboard; sourceTree = "<group>"; };
		CAD9FDCF1BA0A13000E5CB05 /* Info.plist */ = {isa = PBXFileReference; lastKnownFileType = text.plist.xml; path = Info.plist; sourceTree = "<group>"; };
/* End PBXFileReference section */

/* Begin PBXFrameworksBuildPhase section */
		CAD9FDBB1BA0A13000E5CB05 /* Frameworks */ = {
			isa = PBXFrameworksBuildPhase;
			buildActionMask = 2147483647;
			files = (
			);
			runOnlyForDeploymentPostprocessing = 0;
		};
/* End PBXFrameworksBuildPhase section */

/* Begin PBXGroup section */
		CA27D1431BA1F4640065D9E5 /* Classes */ = {
			isa = PBXGroup;
			children = (
				CA27D1441BA1F46C0065D9E5 /* Progress Views */,
				CAA870C51BC7258200D0FC28 /* HUD */,
			);
			name = Classes;
			sourceTree = "<group>";
		};
		CA27D1441BA1F46C0065D9E5 /* Progress Views */ = {
			isa = PBXGroup;
			children = (
				CA92C82A1BA3906C009F3A19 /* M13ProgressView.swift */,
				CAA870C31BC7254900D0FC28 /* Bar */,
				CAA870C41BC7255A00D0FC28 /* Circular */,
			);
			name = "Progress Views";
			sourceTree = "<group>";
		};
		CA27D1471BA1F7AC0065D9E5 /* Example */ = {
			isa = PBXGroup;
			children = (
				CAB8C8301BA23F1B00C8FE72 /* Progress View Controllers */,
				CAD9FDC11BA0A13000E5CB05 /* AppDelegate.swift */,
				CA27D1451BA1F65C0065D9E5 /* SplitViewController.swift */,
				CAD9FDC31BA0A13000E5CB05 /* MasterViewController.swift */,
				CAD9FDC51BA0A13000E5CB05 /* DetailViewController.swift */,
				CAD9FDC71BA0A13000E5CB05 /* Main.storyboard */,
				CAD9FDCA1BA0A13000E5CB05 /* Assets.xcassets */,
				CAD9FDCC1BA0A13000E5CB05 /* LaunchScreen.storyboard */,
				CAD9FDCF1BA0A13000E5CB05 /* Info.plist */,
				CA92C8331BA5F1ED009F3A19 /* M13ProgressSuite.podspec */,
			);
			name = Example;
			sourceTree = "<group>";
		};
		CAA870C31BC7254900D0FC28 /* Bar */ = {
			isa = PBXGroup;
			children = (
				CA92C82C1BA390D2009F3A19 /* M13ProgressBar.swift */,
				CA92C8361BA5F43F009F3A19 /* M13BorderedProgressBar.swift */,
			);
			name = Bar;
			sourceTree = "<group>";
		};
		CAA870C41BC7255A00D0FC28 /* Circular */ = {
			isa = PBXGroup;
			children = (
				C8C0AB8B1BC2D37100BD2B45 /* M13ProgressCircular.swift */,
				C8016FD41BC1C77E00A6E276 /* M13ProgressPie.swift */,
				C88840C51BBF17C700DA8B78 /* M13ProgressRing.swift */,
				C8A7D1951BC2F69A00B2500F /* M13ProgressSegmentedRing.swift */,
			);
			name = Circular;
			sourceTree = "<group>";
		};
		CAA870C51BC7258200D0FC28 /* HUD */ = {
			isa = PBXGroup;
			children = (
				CAA870C61BC7279D00D0FC28 /* M13HUDController.swift */,
			);
			name = HUD;
			sourceTree = "<group>";
		};
		CAB8C8301BA23F1B00C8FE72 /* Progress View Controllers */ = {
			isa = PBXGroup;
			children = (
				CA92C8311BA5B8A3009F3A19 /* BasicProgressBarExampleViewController.swift */,
				CA92C8391BA5FEB8009F3A19 /* BorderedProgressBarExampleViewController.swift */,
				C8016FD21BC1C77400A6E276 /* CircularPieExampleViewController.swift */,
				C88840C71BBF17D000DA8B78 /* CircularRingExampleViewController.swift */,
				C8A7D1971BC2F75100B2500F /* CircularSegmentedRingExampleViewController.swift */,
			);
			name = "Progress View Controllers";
			sourceTree = "<group>";
		};
		CAD9FDB51BA0A13000E5CB05 = {
			isa = PBXGroup;
			children = (
				CAD9FDC01BA0A13000E5CB05 /* M13ProgressSuite */,
				CAD9FDBF1BA0A13000E5CB05 /* Products */,
			);
			sourceTree = "<group>";
		};
		CAD9FDBF1BA0A13000E5CB05 /* Products */ = {
			isa = PBXGroup;
			children = (
				CAD9FDBE1BA0A13000E5CB05 /* M13ProgressSuite.app */,
			);
			name = Products;
			sourceTree = "<group>";
		};
		CAD9FDC01BA0A13000E5CB05 /* M13ProgressSuite */ = {
			isa = PBXGroup;
			children = (
				CA27D1431BA1F4640065D9E5 /* Classes */,
				CA27D1471BA1F7AC0065D9E5 /* Example */,
			);
			path = M13ProgressSuite;
			sourceTree = "<group>";
		};
/* End PBXGroup section */

/* Begin PBXNativeTarget section */
		CAD9FDBD1BA0A13000E5CB05 /* M13ProgressSuite */ = {
			isa = PBXNativeTarget;
			buildConfigurationList = CAD9FDD21BA0A13000E5CB05 /* Build configuration list for PBXNativeTarget "M13ProgressSuite" */;
			buildPhases = (
				CAD9FDBA1BA0A13000E5CB05 /* Sources */,
				CAD9FDBB1BA0A13000E5CB05 /* Frameworks */,
				CAD9FDBC1BA0A13000E5CB05 /* Resources */,
			);
			buildRules = (
			);
			dependencies = (
			);
			name = M13ProgressSuite;
			productName = M13ProgressSuite;
			productReference = CAD9FDBE1BA0A13000E5CB05 /* M13ProgressSuite.app */;
			productType = "com.apple.product-type.application";
		};
/* End PBXNativeTarget section */

/* Begin PBXProject section */
		CAD9FDB61BA0A13000E5CB05 /* Project object */ = {
			isa = PBXProject;
			attributes = {
				LastUpgradeCheck = 0700;
				ORGANIZATIONNAME = "Brandon McQuilkin";
				TargetAttributes = {
					CAD9FDBD1BA0A13000E5CB05 = {
						CreatedOnToolsVersion = 7.0;
					};
				};
			};
			buildConfigurationList = CAD9FDB91BA0A13000E5CB05 /* Build configuration list for PBXProject "M13ProgressSuite" */;
			compatibilityVersion = "Xcode 3.2";
			developmentRegion = English;
			hasScannedForEncodings = 0;
			knownRegions = (
				en,
				Base,
			);
			mainGroup = CAD9FDB51BA0A13000E5CB05;
			productRefGroup = CAD9FDBF1BA0A13000E5CB05 /* Products */;
			projectDirPath = "";
			projectRoot = "";
			targets = (
				CAD9FDBD1BA0A13000E5CB05 /* M13ProgressSuite */,
			);
		};
/* End PBXProject section */

/* Begin PBXResourcesBuildPhase section */
		CAD9FDBC1BA0A13000E5CB05 /* Resources */ = {
			isa = PBXResourcesBuildPhase;
			buildActionMask = 2147483647;
			files = (
				CA92C8341BA5F1ED009F3A19 /* M13ProgressSuite.podspec in Resources */,
				CAD9FDCE1BA0A13000E5CB05 /* LaunchScreen.storyboard in Resources */,
				CAD9FDCB1BA0A13000E5CB05 /* Assets.xcassets in Resources */,
				CAD9FDC91BA0A13000E5CB05 /* Main.storyboard in Resources */,
			);
			runOnlyForDeploymentPostprocessing = 0;
		};
/* End PBXResourcesBuildPhase section */

/* Begin PBXSourcesBuildPhase section */
		CAD9FDBA1BA0A13000E5CB05 /* Sources */ = {
			isa = PBXSourcesBuildPhase;
			buildActionMask = 2147483647;
			files = (
				C8016FD51BC1C77E00A6E276 /* M13ProgressPie.swift in Sources */,
				C88840C61BBF17C700DA8B78 /* M13ProgressRing.swift in Sources */,
				CAD9FDC61BA0A13000E5CB05 /* DetailViewController.swift in Sources */,
				CA92C8371BA5F43F009F3A19 /* M13BorderedProgressBar.swift in Sources */,
				C88840C81BBF17D000DA8B78 /* CircularRingExampleViewController.swift in Sources */,
				C8A7D1961BC2F69A00B2500F /* M13ProgressSegmentedRing.swift in Sources */,
				CA92C82B1BA3906C009F3A19 /* M13ProgressView.swift in Sources */,
				C8A7D1981BC2F75100B2500F /* CircularSegmentedRingExampleViewController.swift in Sources */,
				CAD9FDC41BA0A13000E5CB05 /* MasterViewController.swift in Sources */,
				CA92C83A1BA5FEB8009F3A19 /* BorderedProgressBarExampleViewController.swift in Sources */,
				C8016FD31BC1C77400A6E276 /* CircularPieExampleViewController.swift in Sources */,
				C8C0AB8C1BC2D37100BD2B45 /* M13ProgressCircular.swift in Sources */,
				CAD9FDC21BA0A13000E5CB05 /* AppDelegate.swift in Sources */,
				CA92C8321BA5B8A3009F3A19 /* BasicProgressBarExampleViewController.swift in Sources */,
				CA27D1461BA1F65C0065D9E5 /* SplitViewController.swift in Sources */,
				CAA870C71BC7279D00D0FC28 /* M13HUDController.swift in Sources */,
				CA92C82D1BA390D2009F3A19 /* M13ProgressBar.swift in Sources */,
			);
			runOnlyForDeploymentPostprocessing = 0;
		};
/* End PBXSourcesBuildPhase section */

/* Begin PBXVariantGroup section */
		CAD9FDC71BA0A13000E5CB05 /* Main.storyboard */ = {
			isa = PBXVariantGroup;
			children = (
				CAD9FDC81BA0A13000E5CB05 /* Base */,
			);
			name = Main.storyboard;
			sourceTree = "<group>";
		};
		CAD9FDCC1BA0A13000E5CB05 /* LaunchScreen.storyboard */ = {
			isa = PBXVariantGroup;
			children = (
				CAD9FDCD1BA0A13000E5CB05 /* Base */,
			);
			name = LaunchScreen.storyboard;
			sourceTree = "<group>";
		};
/* End PBXVariantGroup section */

/* Begin XCBuildConfiguration section */
		CAD9FDD01BA0A13000E5CB05 /* Debug */ = {
			isa = XCBuildConfiguration;
			buildSettings = {
				ALWAYS_SEARCH_USER_PATHS = NO;
				CLANG_CXX_LANGUAGE_STANDARD = "gnu++0x";
				CLANG_CXX_LIBRARY = "libc++";
				CLANG_ENABLE_MODULES = YES;
				CLANG_ENABLE_OBJC_ARC = YES;
				CLANG_WARN_BOOL_CONVERSION = YES;
				CLANG_WARN_CONSTANT_CONVERSION = YES;
				CLANG_WARN_DIRECT_OBJC_ISA_USAGE = YES_ERROR;
				CLANG_WARN_EMPTY_BODY = YES;
				CLANG_WARN_ENUM_CONVERSION = YES;
				CLANG_WARN_INT_CONVERSION = YES;
				CLANG_WARN_OBJC_ROOT_CLASS = YES_ERROR;
				CLANG_WARN_UNREACHABLE_CODE = YES;
				CLANG_WARN__DUPLICATE_METHOD_MATCH = YES;
				"CODE_SIGN_IDENTITY[sdk=iphoneos*]" = "iPhone Developer";
				COPY_PHASE_STRIP = NO;
				DEBUG_INFORMATION_FORMAT = dwarf;
				ENABLE_STRICT_OBJC_MSGSEND = YES;
				ENABLE_TESTABILITY = YES;
				GCC_C_LANGUAGE_STANDARD = gnu99;
				GCC_DYNAMIC_NO_PIC = NO;
				GCC_NO_COMMON_BLOCKS = YES;
				GCC_OPTIMIZATION_LEVEL = 0;
				GCC_PREPROCESSOR_DEFINITIONS = (
					"DEBUG=1",
					"$(inherited)",
				);
				GCC_WARN_64_TO_32_BIT_CONVERSION = YES;
				GCC_WARN_ABOUT_RETURN_TYPE = YES_ERROR;
				GCC_WARN_UNDECLARED_SELECTOR = YES;
				GCC_WARN_UNINITIALIZED_AUTOS = YES_AGGRESSIVE;
				GCC_WARN_UNUSED_FUNCTION = YES;
				GCC_WARN_UNUSED_VARIABLE = YES;
				IPHONEOS_DEPLOYMENT_TARGET = 9.0;
				MTL_ENABLE_DEBUG_INFO = YES;
				ONLY_ACTIVE_ARCH = YES;
				SDKROOT = iphoneos;
				SWIFT_OPTIMIZATION_LEVEL = "-Onone";
				TARGETED_DEVICE_FAMILY = "1,2";
			};
			name = Debug;
		};
		CAD9FDD11BA0A13000E5CB05 /* Release */ = {
			isa = XCBuildConfiguration;
			buildSettings = {
				ALWAYS_SEARCH_USER_PATHS = NO;
				CLANG_CXX_LANGUAGE_STANDARD = "gnu++0x";
				CLANG_CXX_LIBRARY = "libc++";
				CLANG_ENABLE_MODULES = YES;
				CLANG_ENABLE_OBJC_ARC = YES;
				CLANG_WARN_BOOL_CONVERSION = YES;
				CLANG_WARN_CONSTANT_CONVERSION = YES;
				CLANG_WARN_DIRECT_OBJC_ISA_USAGE = YES_ERROR;
				CLANG_WARN_EMPTY_BODY = YES;
				CLANG_WARN_ENUM_CONVERSION = YES;
				CLANG_WARN_INT_CONVERSION = YES;
				CLANG_WARN_OBJC_ROOT_CLASS = YES_ERROR;
				CLANG_WARN_UNREACHABLE_CODE = YES;
				CLANG_WARN__DUPLICATE_METHOD_MATCH = YES;
				"CODE_SIGN_IDENTITY[sdk=iphoneos*]" = "iPhone Developer";
				COPY_PHASE_STRIP = NO;
				DEBUG_INFORMATION_FORMAT = "dwarf-with-dsym";
				ENABLE_NS_ASSERTIONS = NO;
				ENABLE_STRICT_OBJC_MSGSEND = YES;
				GCC_C_LANGUAGE_STANDARD = gnu99;
				GCC_NO_COMMON_BLOCKS = YES;
				GCC_WARN_64_TO_32_BIT_CONVERSION = YES;
				GCC_WARN_ABOUT_RETURN_TYPE = YES_ERROR;
				GCC_WARN_UNDECLARED_SELECTOR = YES;
				GCC_WARN_UNINITIALIZED_AUTOS = YES_AGGRESSIVE;
				GCC_WARN_UNUSED_FUNCTION = YES;
				GCC_WARN_UNUSED_VARIABLE = YES;
				IPHONEOS_DEPLOYMENT_TARGET = 9.0;
				MTL_ENABLE_DEBUG_INFO = NO;
				SDKROOT = iphoneos;
				TARGETED_DEVICE_FAMILY = "1,2";
				VALIDATE_PRODUCT = YES;
			};
			name = Release;
		};
		CAD9FDD31BA0A13000E5CB05 /* Debug */ = {
			isa = XCBuildConfiguration;
			buildSettings = {
				ASSETCATALOG_COMPILER_APPICON_NAME = AppIcon;
				INFOPLIST_FILE = M13ProgressSuite/Info.plist;
				IPHONEOS_DEPLOYMENT_TARGET = 8.0;
				LD_RUNPATH_SEARCH_PATHS = "$(inherited) @executable_path/Frameworks";
				PRODUCT_BUNDLE_IDENTIFIER = com.brandonmcquilkin.M13ProgressSuite;
				PRODUCT_NAME = "$(TARGET_NAME)";
			};
			name = Debug;
		};
		CAD9FDD41BA0A13000E5CB05 /* Release */ = {
			isa = XCBuildConfiguration;
			buildSettings = {
				ASSETCATALOG_COMPILER_APPICON_NAME = AppIcon;
				INFOPLIST_FILE = M13ProgressSuite/Info.plist;
				IPHONEOS_DEPLOYMENT_TARGET = 8.0;
				LD_RUNPATH_SEARCH_PATHS = "$(inherited) @executable_path/Frameworks";
				PRODUCT_BUNDLE_IDENTIFIER = com.brandonmcquilkin.M13ProgressSuite;
				PRODUCT_NAME = "$(TARGET_NAME)";
			};
			name = Release;
		};
/* End XCBuildConfiguration section */

/* Begin XCConfigurationList section */
		CAD9FDB91BA0A13000E5CB05 /* Build configuration list for PBXProject "M13ProgressSuite" */ = {
			isa = XCConfigurationList;
			buildConfigurations = (
				CAD9FDD01BA0A13000E5CB05 /* Debug */,
				CAD9FDD11BA0A13000E5CB05 /* Release */,
			);
			defaultConfigurationIsVisible = 0;
			defaultConfigurationName = Release;
		};
		CAD9FDD21BA0A13000E5CB05 /* Build configuration list for PBXNativeTarget "M13ProgressSuite" */ = {
			isa = XCConfigurationList;
			buildConfigurations = (
				CAD9FDD31BA0A13000E5CB05 /* Debug */,
				CAD9FDD41BA0A13000E5CB05 /* Release */,
			);
			defaultConfigurationIsVisible = 0;
			defaultConfigurationName = Release;
		};
/* End XCConfigurationList section */
	};
	rootObject = CAD9FDB61BA0A13000E5CB05 /* Project object */;
}
